// !$*UTF8*$!
{
	archiveVersion = 1;
	classes = {
	};
	objectVersion = 55;
	objects = {

/* Begin PBXBuildFile section */
		1113D2BD28E47B30003C9FD3 /* DocumentType.swift in Sources */ = {isa = PBXBuildFile; fileRef = 1113D2BC28E47B30003C9FD3 /* DocumentType.swift */; };
		1113D2C128E4A0E8003C9FD3 /* DocumentsPresenter.swift in Sources */ = {isa = PBXBuildFile; fileRef = 1113D2C028E4A0E8003C9FD3 /* DocumentsPresenter.swift */; };
		1113D2C328E4A0F3003C9FD3 /* DocumentsInteractor.swift in Sources */ = {isa = PBXBuildFile; fileRef = 1113D2C228E4A0F3003C9FD3 /* DocumentsInteractor.swift */; };
		1113D2C928E502A4003C9FD3 /* WorksRequestPresenter.swift in Sources */ = {isa = PBXBuildFile; fileRef = 1113D2C828E502A4003C9FD3 /* WorksRequestPresenter.swift */; };
		1113D2CD28E50536003C9FD3 /* WorksRequestInteractor.swift in Sources */ = {isa = PBXBuildFile; fileRef = 1113D2CC28E50536003C9FD3 /* WorksRequestInteractor.swift */; };
		114012FF28C7CE5C00B14D5A /* MenuAction.swift in Sources */ = {isa = PBXBuildFile; fileRef = 114012FE28C7CE5C00B14D5A /* MenuAction.swift */; };
		1140130128C7E1E600B14D5A /* MenuNavigationViewController.swift in Sources */ = {isa = PBXBuildFile; fileRef = 1140130028C7E1E600B14D5A /* MenuNavigationViewController.swift */; };
		1140130328C90E9500B14D5A /* OnBoardingItem.swift in Sources */ = {isa = PBXBuildFile; fileRef = 1140130228C90E9500B14D5A /* OnBoardingItem.swift */; };
		1140130628C9AD6C00B14D5A /* AuthorizationViewsData.swift in Sources */ = {isa = PBXBuildFile; fileRef = 1140130528C9AD6C00B14D5A /* AuthorizationViewsData.swift */; };
		1140130828CA1AF300B14D5A /* LoginPresenter.swift in Sources */ = {isa = PBXBuildFile; fileRef = 1140130728CA1AF300B14D5A /* LoginPresenter.swift */; };
		1140130A28CA1B8800B14D5A /* LoginInteractor.swift in Sources */ = {isa = PBXBuildFile; fileRef = 1140130928CA1B8800B14D5A /* LoginInteractor.swift */; };
		1140130C28CA1C9F00B14D5A /* StringExtension.swift in Sources */ = {isa = PBXBuildFile; fileRef = 1140130B28CA1C9F00B14D5A /* StringExtension.swift */; };
		1140130F28CA400D00B14D5A /* EmassiApiDelegate.swift in Sources */ = {isa = PBXBuildFile; fileRef = 1140130E28CA400D00B14D5A /* EmassiApiDelegate.swift */; };
		1140131128CAB66000B14D5A /* URLRequestExtension.swift in Sources */ = {isa = PBXBuildFile; fileRef = 1140131028CAB66000B14D5A /* URLRequestExtension.swift */; };
		1140131328CB742200B14D5A /* EmassiURLSession.swift in Sources */ = {isa = PBXBuildFile; fileRef = 1140131228CB742200B14D5A /* EmassiURLSession.swift */; };
		1140131628CBB07A00B14D5A /* PerformersListViewController.swift in Sources */ = {isa = PBXBuildFile; fileRef = 1140131528CBB07A00B14D5A /* PerformersListViewController.swift */; };
		1140131828CBB40A00B14D5A /* PerformerTableViewCell.swift in Sources */ = {isa = PBXBuildFile; fileRef = 1140131728CBB40A00B14D5A /* PerformerTableViewCell.swift */; };
		1140131B28CD07D300B14D5A /* DocumentTableViewCell.swift in Sources */ = {isa = PBXBuildFile; fileRef = 1140131A28CD07D300B14D5A /* DocumentTableViewCell.swift */; };
		114E80B628C108B70028F39B /* AppDelegate.swift in Sources */ = {isa = PBXBuildFile; fileRef = 114E80B528C108B70028F39B /* AppDelegate.swift */; };
		114E80B828C108B70028F39B /* SceneDelegate.swift in Sources */ = {isa = PBXBuildFile; fileRef = 114E80B728C108B70028F39B /* SceneDelegate.swift */; };
		114E80BD28C108B70028F39B /* Main.storyboard in Resources */ = {isa = PBXBuildFile; fileRef = 114E80BB28C108B70028F39B /* Main.storyboard */; };
		114E80C028C108B70028F39B /* emassi_IOS.xcdatamodeld in Sources */ = {isa = PBXBuildFile; fileRef = 114E80BE28C108B70028F39B /* emassi_IOS.xcdatamodeld */; };
		114E80C228C108B80028F39B /* Assets.xcassets in Resources */ = {isa = PBXBuildFile; fileRef = 114E80C128C108B80028F39B /* Assets.xcassets */; };
		114E80C528C108B80028F39B /* LaunchScreen.storyboard in Resources */ = {isa = PBXBuildFile; fileRef = 114E80C328C108B80028F39B /* LaunchScreen.storyboard */; };
		114E80D028C108B80028F39B /* emassi_IOSTests.swift in Sources */ = {isa = PBXBuildFile; fileRef = 114E80CF28C108B80028F39B /* emassi_IOSTests.swift */; };
		114E80DA28C108B80028F39B /* emassi_IOSUITests.swift in Sources */ = {isa = PBXBuildFile; fileRef = 114E80D928C108B80028F39B /* emassi_IOSUITests.swift */; };
		114E80DC28C108B80028F39B /* emassi_IOSUITestsLaunchTests.swift in Sources */ = {isa = PBXBuildFile; fileRef = 114E80DB28C108B80028F39B /* emassi_IOSUITestsLaunchTests.swift */; };
		114E80EA28C12AD60028F39B /* OnboardingViewController.swift in Sources */ = {isa = PBXBuildFile; fileRef = 114E80E928C12AD60028F39B /* OnboardingViewController.swift */; };
		114E80ED28C12F510028F39B /* UIColorExtension.swift in Sources */ = {isa = PBXBuildFile; fileRef = 114E80EC28C12F510028F39B /* UIColorExtension.swift */; };
		114E80EF28C2022F0028F39B /* OnboardingCollectionViewCell.swift in Sources */ = {isa = PBXBuildFile; fileRef = 114E80EE28C2022F0028F39B /* OnboardingCollectionViewCell.swift */; };
		114E80F228C219630028F39B /* LoginViewController.swift in Sources */ = {isa = PBXBuildFile; fileRef = 114E80F128C219630028F39B /* LoginViewController.swift */; };
		114E80F428C242250028F39B /* UIViewExtension.swift in Sources */ = {isa = PBXBuildFile; fileRef = 114E80F328C242250028F39B /* UIViewExtension.swift */; };
		114E80F728C24E890028F39B /* RegisterViewController.swift in Sources */ = {isa = PBXBuildFile; fileRef = 114E80F628C24E890028F39B /* RegisterViewController.swift */; };
		114E80FB28C24F340028F39B /* UIButtonEmassi.swift in Sources */ = {isa = PBXBuildFile; fileRef = 114E80FA28C24F340028F39B /* UIButtonEmassi.swift */; };
		114E80FD28C253D60028F39B /* UITextFieldEmassi.swift in Sources */ = {isa = PBXBuildFile; fileRef = 114E80FC28C253D60028F39B /* UITextFieldEmassi.swift */; };
		114E80FF28C254700028F39B /* UITextFieldExtension.swift in Sources */ = {isa = PBXBuildFile; fileRef = 114E80FE28C254700028F39B /* UITextFieldExtension.swift */; };
		114E810128C28AA90028F39B /* UISeparatorWithView.swift in Sources */ = {isa = PBXBuildFile; fileRef = 114E810028C28AA90028F39B /* UISeparatorWithView.swift */; };
		114E810328C37E760028F39B /* UICheckBoxEmassi.swift in Sources */ = {isa = PBXBuildFile; fileRef = 114E810228C37E760028F39B /* UICheckBoxEmassi.swift */; };
		114E810628C39F760028F39B /* PerformersCategoriesViewController.swift in Sources */ = {isa = PBXBuildFile; fileRef = 114E810528C39F760028F39B /* PerformersCategoriesViewController.swift */; };
		114E810828C3AAE20028F39B /* PerformersCategoryTableViewCell.swift in Sources */ = {isa = PBXBuildFile; fileRef = 114E810728C3AAE20028F39B /* PerformersCategoryTableViewCell.swift */; };
		114E810A28C3C6AE0028F39B /* PerformersCategory.swift in Sources */ = {isa = PBXBuildFile; fileRef = 114E810928C3C6AE0028F39B /* PerformersCategory.swift */; };
		115BB49028D9072400686670 /* AccountInfo.swift in Sources */ = {isa = PBXBuildFile; fileRef = 115BB48F28D9072400686670 /* AccountInfo.swift */; };
		115BB49228DA0C0D00686670 /* Offer.swift in Sources */ = {isa = PBXBuildFile; fileRef = 115BB49128DA0C0D00686670 /* Offer.swift */; };
		115BB49428DA2A0A00686670 /* Time.swift in Sources */ = {isa = PBXBuildFile; fileRef = 115BB49328DA2A0A00686670 /* Time.swift */; };
		115BB49628DA57D900686670 /* GeoPosition.swift in Sources */ = {isa = PBXBuildFile; fileRef = 115BB49528DA57D900686670 /* GeoPosition.swift */; };
		115BB49928DB7A8B00686670 /* ResetPasswordViewContoller.swift in Sources */ = {isa = PBXBuildFile; fileRef = 115BB49828DB7A8B00686670 /* ResetPasswordViewContoller.swift */; };
		115BB49B28DB80DF00686670 /* ResetPasswordPresenter.swift in Sources */ = {isa = PBXBuildFile; fileRef = 115BB49A28DB80DF00686670 /* ResetPasswordPresenter.swift */; };
		115BB49D28DB81A300686670 /* ResetPasswordInteractor.swift in Sources */ = {isa = PBXBuildFile; fileRef = 115BB49C28DB81A300686670 /* ResetPasswordInteractor.swift */; };
		115BB49F28DB8D7100686670 /* SessionConfiguration.swift in Sources */ = {isa = PBXBuildFile; fileRef = 115BB49E28DB8D7100686670 /* SessionConfiguration.swift */; };
		115BB4A128DC888A00686670 /* PerformersCategoriesPresenter.swift in Sources */ = {isa = PBXBuildFile; fileRef = 115BB4A028DC888A00686670 /* PerformersCategoriesPresenter.swift */; };
		115BB4A328DC893400686670 /* PerformersCategoriesInteractor.swift in Sources */ = {isa = PBXBuildFile; fileRef = 115BB4A228DC893400686670 /* PerformersCategoriesInteractor.swift */; };
		115BB4A528DCE6E300686670 /* PerformersListPresenter.swift in Sources */ = {isa = PBXBuildFile; fileRef = 115BB4A428DCE6E300686670 /* PerformersListPresenter.swift */; };
		115BB4A728DDA93C00686670 /* PerformersListInteractor.swift in Sources */ = {isa = PBXBuildFile; fileRef = 115BB4A628DDA93C00686670 /* PerformersListInteractor.swift */; };
		115BB4A928DDAAB100686670 /* PerformersListDataSourceAndDelegate.swift in Sources */ = {isa = PBXBuildFile; fileRef = 115BB4A828DDAAB100686670 /* PerformersListDataSourceAndDelegate.swift */; };
		115BB4AB28DE06D000686670 /* PerformerInfoPresenter.swift in Sources */ = {isa = PBXBuildFile; fileRef = 115BB4AA28DE06D000686670 /* PerformerInfoPresenter.swift */; };
		115BB4AD28DE07B800686670 /* PerformerInfoInteractor.swift in Sources */ = {isa = PBXBuildFile; fileRef = 115BB4AC28DE07B800686670 /* PerformerInfoInteractor.swift */; };
		115BB4B028DF277800686670 /* PerformerProfileViewController.swift in Sources */ = {isa = PBXBuildFile; fileRef = 115BB4AF28DF277800686670 /* PerformerProfileViewController.swift */; };
		115BB4B228DF3BB000686670 /* MoreSelector.swift in Sources */ = {isa = PBXBuildFile; fileRef = 115BB4B128DF3BB000686670 /* MoreSelector.swift */; };
		115BB4B428E06A6600686670 /* UIPickerItemsSelector.swift in Sources */ = {isa = PBXBuildFile; fileRef = 115BB4B328E06A6600686670 /* UIPickerItemsSelector.swift */; };
		115BB4B628E0895F00686670 /* PerformerProfilePresenter.swift in Sources */ = {isa = PBXBuildFile; fileRef = 115BB4B528E0895F00686670 /* PerformerProfilePresenter.swift */; };
		115BB4B828E08A0600686670 /* PerformerProfileInteractor.swift in Sources */ = {isa = PBXBuildFile; fileRef = 115BB4B728E08A0600686670 /* PerformerProfileInteractor.swift */; };
		115BB4BA28E1C26100686670 /* UIImageExtension.swift in Sources */ = {isa = PBXBuildFile; fileRef = 115BB4B928E1C26100686670 /* UIImageExtension.swift */; };
		115BB4BC28E1E3F300686670 /* ImagePickerController.swift in Sources */ = {isa = PBXBuildFile; fileRef = 115BB4BB28E1E3F300686670 /* ImagePickerController.swift */; };
		1194A15528CE79F100BAF84B /* DocumentsViewController.swift in Sources */ = {isa = PBXBuildFile; fileRef = 1194A15428CE79F100BAF84B /* DocumentsViewController.swift */; };
		1194A15828CE7EEB00BAF84B /* FavoriteViewController.swift in Sources */ = {isa = PBXBuildFile; fileRef = 1194A15728CE7EEB00BAF84B /* FavoriteViewController.swift */; };
		1194A15A28CF482F00BAF84B /* URLExtension.swift in Sources */ = {isa = PBXBuildFile; fileRef = 1194A15928CF482F00BAF84B /* URLExtension.swift */; };
		1194A15D28CF718A00BAF84B /* EmassiApiResponse.swift in Sources */ = {isa = PBXBuildFile; fileRef = 1194A15C28CF718A00BAF84B /* EmassiApiResponse.swift */; };
		1194A15F28CF7DED00BAF84B /* EmassiRouter.swift in Sources */ = {isa = PBXBuildFile; fileRef = 1194A15E28CF7DEC00BAF84B /* EmassiRouter.swift */; };
		1194A16128CFA70E00BAF84B /* RegisterPresenter.swift in Sources */ = {isa = PBXBuildFile; fileRef = 1194A16028CFA70E00BAF84B /* RegisterPresenter.swift */; };
		1194A16328CFA7C000BAF84B /* RegisterInteractor.swift in Sources */ = {isa = PBXBuildFile; fileRef = 1194A16228CFA7C000BAF84B /* RegisterInteractor.swift */; };
		1194A16528CFB3A600BAF84B /* UIViewControllerExtension.swift in Sources */ = {isa = PBXBuildFile; fileRef = 1194A16428CFB3A600BAF84B /* UIViewControllerExtension.swift */; };
		11CBB7C028C4B22900FED8D5 /* PerformerInfoViewController.swift in Sources */ = {isa = PBXBuildFile; fileRef = 11CBB7BF28C4B22900FED8D5 /* PerformerInfoViewController.swift */; };
		11CBB7C228C4F03F00FED8D5 /* UILabelExtension.swift in Sources */ = {isa = PBXBuildFile; fileRef = 11CBB7C128C4F03F00FED8D5 /* UILabelExtension.swift */; };
		11CBB7C428C4F23900FED8D5 /* UILabelBordered.swift in Sources */ = {isa = PBXBuildFile; fileRef = 11CBB7C328C4F23900FED8D5 /* UILabelBordered.swift */; };
		11CBB7C628C4FDD700FED8D5 /* UIRatingView.swift in Sources */ = {isa = PBXBuildFile; fileRef = 11CBB7C528C4FDD700FED8D5 /* UIRatingView.swift */; };
		11CBB7C828C6105D00FED8D5 /* PerformerReviewsTableVIewDataSource.swift in Sources */ = {isa = PBXBuildFile; fileRef = 11CBB7C728C6105D00FED8D5 /* PerformerReviewsTableVIewDataSource.swift */; };
		11CBB7CA28C6111B00FED8D5 /* PerformersCategoriesTableViewDataSource.swift in Sources */ = {isa = PBXBuildFile; fileRef = 11CBB7C928C6111B00FED8D5 /* PerformersCategoriesTableViewDataSource.swift */; };
		11CBB7CD28C79F1800FED8D5 /* MenuViewController.swift in Sources */ = {isa = PBXBuildFile; fileRef = 11CBB7CC28C79F1800FED8D5 /* MenuViewController.swift */; };
		11DCADEA28D08CC400568D16 /* WorksRequestViewController.swift in Sources */ = {isa = PBXBuildFile; fileRef = 11DCADE928D08CC400568D16 /* WorksRequestViewController.swift */; };
		11DCADEC28D1FD6F00568D16 /* WorksRequestTableViewCell.swift in Sources */ = {isa = PBXBuildFile; fileRef = 11DCADEB28D1FD6F00568D16 /* WorksRequestTableViewCell.swift */; };
		11DCADEE28D20FED00568D16 /* UIControlExtension.swift in Sources */ = {isa = PBXBuildFile; fileRef = 11DCADED28D20FED00568D16 /* UIControlExtension.swift */; };
		11DCADF028D24D9E00568D16 /* SettingsViewController.swift in Sources */ = {isa = PBXBuildFile; fileRef = 11DCADEF28D24D9E00568D16 /* SettingsViewController.swift */; };
		11DCADF228D24E1000568D16 /* SettingTableViewCell.swift in Sources */ = {isa = PBXBuildFile; fileRef = 11DCADF128D24E1000568D16 /* SettingTableViewCell.swift */; };
		11DCADF528D34C7900568D16 /* FeedbackViewController.swift in Sources */ = {isa = PBXBuildFile; fileRef = 11DCADF428D34C7900568D16 /* FeedbackViewController.swift */; };
		11DCADF728D3537A00568D16 /* UITextViewEmassi.swift in Sources */ = {isa = PBXBuildFile; fileRef = 11DCADF628D3537A00568D16 /* UITextViewEmassi.swift */; };
		11DCADF928D3580500568D16 /* Performer.swift in Sources */ = {isa = PBXBuildFile; fileRef = 11DCADF828D3580500568D16 /* Performer.swift */; };
		11DCADFB28D35B3300568D16 /* Review.swift in Sources */ = {isa = PBXBuildFile; fileRef = 11DCADFA28D35B3300568D16 /* Review.swift */; };
		11DCADFD28D35B4C00568D16 /* Username.swift in Sources */ = {isa = PBXBuildFile; fileRef = 11DCADFC28D35B4C00568D16 /* Username.swift */; };
		11DCADFF28D35B7100568D16 /* Photo.swift in Sources */ = {isa = PBXBuildFile; fileRef = 11DCADFE28D35B7100568D16 /* Photo.swift */; };
		11DCAE0128D35B9800568D16 /* Phone.swift in Sources */ = {isa = PBXBuildFile; fileRef = 11DCAE0028D35B9800568D16 /* Phone.swift */; };
		11DCAE0328D3613B00568D16 /* Customer.swift in Sources */ = {isa = PBXBuildFile; fileRef = 11DCAE0228D3613B00568D16 /* Customer.swift */; };
		11DCAE0528D3619B00568D16 /* Address.swift in Sources */ = {isa = PBXBuildFile; fileRef = 11DCAE0428D3619B00568D16 /* Address.swift */; };
		11DCAE0728D364B100568D16 /* Location.swift in Sources */ = {isa = PBXBuildFile; fileRef = 11DCAE0628D364B100568D16 /* Location.swift */; };
		11DCAE0928D3669100568D16 /* Work.swift in Sources */ = {isa = PBXBuildFile; fileRef = 11DCAE0828D3669100568D16 /* Work.swift */; };
		11DCAE0B28D3673B00568D16 /* Category.swift in Sources */ = {isa = PBXBuildFile; fileRef = 11DCAE0A28D3673B00568D16 /* Category.swift */; };
		11DCAE0D28D3691B00568D16 /* DateStartEnd.swift in Sources */ = {isa = PBXBuildFile; fileRef = 11DCAE0C28D3691B00568D16 /* DateStartEnd.swift */; };
		11DCAE1028D5EC8300568D16 /* PublicRequestViewController.swift in Sources */ = {isa = PBXBuildFile; fileRef = 11DCAE0F28D5EC8300568D16 /* PublicRequestViewController.swift */; };
		11F818D028EDEF8E00769AC1 /* AsyncOperation.swift in Sources */ = {isa = PBXBuildFile; fileRef = 11F818CF28EDEF8E00769AC1 /* AsyncOperation.swift */; };
		11F818D228EF16F200769AC1 /* UserDefaultsExtension.swift in Sources */ = {isa = PBXBuildFile; fileRef = 11F818D128EF16F200769AC1 /* UserDefaultsExtension.swift */; };
		11F818D428EF753100769AC1 /* ResponseWorkWithCustomer.swift in Sources */ = {isa = PBXBuildFile; fileRef = 11F818D328EF753100769AC1 /* ResponseWorkWithCustomer.swift */; };
		11F818D728F100BB00769AC1 /* KeychainAccess in Frameworks */ = {isa = PBXBuildFile; productRef = 11F818D628F100BB00769AC1 /* KeychainAccess */; };
		11F818D928F20FA400769AC1 /* FavoritePresenter.swift in Sources */ = {isa = PBXBuildFile; fileRef = 11F818D828F20FA400769AC1 /* FavoritePresenter.swift */; };
		11F818DB28F2131400769AC1 /* FavoriteInteractor.swift in Sources */ = {isa = PBXBuildFile; fileRef = 11F818DA28F2131400769AC1 /* FavoriteInteractor.swift */; };
		11F818DD28F228BC00769AC1 /* SendFeedbackPresenter.swift in Sources */ = {isa = PBXBuildFile; fileRef = 11F818DC28F228BC00769AC1 /* SendFeedbackPresenter.swift */; };
		11F818DF28F22A2000769AC1 /* SendFeedbackInteractor.swift in Sources */ = {isa = PBXBuildFile; fileRef = 11F818DE28F22A2000769AC1 /* SendFeedbackInteractor.swift */; };
		11F818E128F35A7F00769AC1 /* WorkStatus.swift in Sources */ = {isa = PBXBuildFile; fileRef = 11F818E028F35A7F00769AC1 /* WorkStatus.swift */; };
		11F818E428F4599800769AC1 /* OrderInfoViewController.swift in Sources */ = {isa = PBXBuildFile; fileRef = 11F818E328F4599800769AC1 /* OrderInfoViewController.swift */; };
		11F818E628F47ECD00769AC1 /* OrderInfoPresenter.swift in Sources */ = {isa = PBXBuildFile; fileRef = 11F818E528F47ECD00769AC1 /* OrderInfoPresenter.swift */; };
		11F818E828F47ED700769AC1 /* OrderInfoInteractor.swift in Sources */ = {isa = PBXBuildFile; fileRef = 11F818E728F47ED700769AC1 /* OrderInfoInteractor.swift */; };
		11F818EB28F4E26500769AC1 /* Localizable.strings in Resources */ = {isa = PBXBuildFile; fileRef = 11F818ED28F4E26500769AC1 /* Localizable.strings */; };
		11FF061428E5081F00EAEF33 /* WorksRequestTableViewDataSource.swift in Sources */ = {isa = PBXBuildFile; fileRef = 11FF061328E5081F00EAEF33 /* WorksRequestTableViewDataSource.swift */; };
		11FF061628E5B51700EAEF33 /* CreateRequestViewController.swift in Sources */ = {isa = PBXBuildFile; fileRef = 11FF061528E5B51700EAEF33 /* CreateRequestViewController.swift */; };
		11FF061828E5C2C300EAEF33 /* CreateRequestPresenter.swift in Sources */ = {isa = PBXBuildFile; fileRef = 11FF061728E5C2C300EAEF33 /* CreateRequestPresenter.swift */; };
		11FF061A28E5C35400EAEF33 /* CreateRequestInteractor.swift in Sources */ = {isa = PBXBuildFile; fileRef = 11FF061928E5C35400EAEF33 /* CreateRequestInteractor.swift */; };
		11FF061C28E6293500EAEF33 /* NotificationCenterExtension.swift in Sources */ = {isa = PBXBuildFile; fileRef = 11FF061B28E6293500EAEF33 /* NotificationCenterExtension.swift */; };
		11FF061E28E7210D00EAEF33 /* UImageViewPagging.swift in Sources */ = {isa = PBXBuildFile; fileRef = 11FF061D28E7210D00EAEF33 /* UImageViewPagging.swift */; };
		11FF062228E755C000EAEF33 /* AddressSearchViewController.swift in Sources */ = {isa = PBXBuildFile; fileRef = 11FF062128E755C000EAEF33 /* AddressSearchViewController.swift */; };
		11FF062428E8896100EAEF33 /* LocationManager.swift in Sources */ = {isa = PBXBuildFile; fileRef = 11FF062328E8896100EAEF33 /* LocationManager.swift */; };
		11FF062628E8C89000EAEF33 /* LocaleExtension.swift in Sources */ = {isa = PBXBuildFile; fileRef = 11FF062528E8C89000EAEF33 /* LocaleExtension.swift */; };
		11FF062A28EA34D000EAEF33 /* PublicRequestPresenter.swift in Sources */ = {isa = PBXBuildFile; fileRef = 11FF062928EA34D000EAEF33 /* PublicRequestPresenter.swift */; };
		11FF062C28EA34E300EAEF33 /* PublicRequestInteractor.swift in Sources */ = {isa = PBXBuildFile; fileRef = 11FF062B28EA34E300EAEF33 /* PublicRequestInteractor.swift */; };
		11FF062F28EB7AA900EAEF33 /* ActiveWorksViewController.swift in Sources */ = {isa = PBXBuildFile; fileRef = 11FF062E28EB7AA900EAEF33 /* ActiveWorksViewController.swift */; };
		11FF063128EB7ABA00EAEF33 /* ActiveWorksPresenter.swift in Sources */ = {isa = PBXBuildFile; fileRef = 11FF063028EB7ABA00EAEF33 /* ActiveWorksPresenter.swift */; };
		11FF063328EB7AC400EAEF33 /* ActiveWorksInteractor.swift in Sources */ = {isa = PBXBuildFile; fileRef = 11FF063228EB7AC400EAEF33 /* ActiveWorksInteractor.swift */; };
		11FF063528EB8C3600EAEF33 /* ActiveWorksHeaderView.swift in Sources */ = {isa = PBXBuildFile; fileRef = 11FF063428EB8C3600EAEF33 /* ActiveWorksHeaderView.swift */; };
		11FF063728EB923700EAEF33 /* ActiveWorksTableViewDataUIWorker.swift in Sources */ = {isa = PBXBuildFile; fileRef = 11FF063628EB923700EAEF33 /* ActiveWorksTableViewDataUIWorker.swift */; };
		11FF063928EBADF600EAEF33 /* DateExtension.swift in Sources */ = {isa = PBXBuildFile; fileRef = 11FF063828EBADF600EAEF33 /* DateExtension.swift */; };
		11FF063C28EBB27600EAEF33 /* SendOfferViewController.swift in Sources */ = {isa = PBXBuildFile; fileRef = 11FF063B28EBB27600EAEF33 /* SendOfferViewController.swift */; };
		11FF063F28EC77A500EAEF33 /* OrdersListViewController.swift in Sources */ = {isa = PBXBuildFile; fileRef = 11FF063E28EC77A500EAEF33 /* OrdersListViewController.swift */; };
		11FF064128EC77CF00EAEF33 /* OrdersListItemTableViewCell.swift in Sources */ = {isa = PBXBuildFile; fileRef = 11FF064028EC77CF00EAEF33 /* OrdersListItemTableViewCell.swift */; };
		11FF064328EC817800EAEF33 /* OrdersListPresenter.swift in Sources */ = {isa = PBXBuildFile; fileRef = 11FF064228EC817800EAEF33 /* OrdersListPresenter.swift */; };
		11FF064528EC823000EAEF33 /* OrdersListInteractor.swift in Sources */ = {isa = PBXBuildFile; fileRef = 11FF064428EC823000EAEF33 /* OrdersListInteractor.swift */; };
		11FF064728ECEB9700EAEF33 /* NetworkConnectionChecker.swift in Sources */ = {isa = PBXBuildFile; fileRef = 11FF064628ECEB9700EAEF33 /* NetworkConnectionChecker.swift */; };
		11FF064B28ED35C800EAEF33 /* Connectivity in Frameworks */ = {isa = PBXBuildFile; productRef = 11FF064A28ED35C800EAEF33 /* Connectivity */; };
		11FF064D28EDBBAB00EAEF33 /* OrdersListTableViewDataUIWorker.swift in Sources */ = {isa = PBXBuildFile; fileRef = 11FF064C28EDBBAB00EAEF33 /* OrdersListTableViewDataUIWorker.swift */; };
/* End PBXBuildFile section */

/* Begin PBXContainerItemProxy section */
		114E80CC28C108B80028F39B /* PBXContainerItemProxy */ = {
			isa = PBXContainerItemProxy;
			containerPortal = 114E80AA28C108B70028F39B /* Project object */;
			proxyType = 1;
			remoteGlobalIDString = 114E80B128C108B70028F39B;
			remoteInfo = emassi_IOS;
		};
		114E80D628C108B80028F39B /* PBXContainerItemProxy */ = {
			isa = PBXContainerItemProxy;
			containerPortal = 114E80AA28C108B70028F39B /* Project object */;
			proxyType = 1;
			remoteGlobalIDString = 114E80B128C108B70028F39B;
			remoteInfo = emassi_IOS;
		};
/* End PBXContainerItemProxy section */

/* Begin PBXFileReference section */
		1113D2BC28E47B30003C9FD3 /* DocumentType.swift */ = {isa = PBXFileReference; lastKnownFileType = sourcecode.swift; path = DocumentType.swift; sourceTree = "<group>"; };
		1113D2C028E4A0E8003C9FD3 /* DocumentsPresenter.swift */ = {isa = PBXFileReference; lastKnownFileType = sourcecode.swift; path = DocumentsPresenter.swift; sourceTree = "<group>"; };
		1113D2C228E4A0F3003C9FD3 /* DocumentsInteractor.swift */ = {isa = PBXFileReference; lastKnownFileType = sourcecode.swift; path = DocumentsInteractor.swift; sourceTree = "<group>"; };
		1113D2C828E502A4003C9FD3 /* WorksRequestPresenter.swift */ = {isa = PBXFileReference; lastKnownFileType = sourcecode.swift; path = WorksRequestPresenter.swift; sourceTree = "<group>"; };
		1113D2CC28E50536003C9FD3 /* WorksRequestInteractor.swift */ = {isa = PBXFileReference; lastKnownFileType = sourcecode.swift; path = WorksRequestInteractor.swift; sourceTree = "<group>"; };
		114012FE28C7CE5C00B14D5A /* MenuAction.swift */ = {isa = PBXFileReference; lastKnownFileType = sourcecode.swift; path = MenuAction.swift; sourceTree = "<group>"; };
		1140130028C7E1E600B14D5A /* MenuNavigationViewController.swift */ = {isa = PBXFileReference; lastKnownFileType = sourcecode.swift; path = MenuNavigationViewController.swift; sourceTree = "<group>"; };
		1140130228C90E9500B14D5A /* OnBoardingItem.swift */ = {isa = PBXFileReference; lastKnownFileType = sourcecode.swift; path = OnBoardingItem.swift; sourceTree = "<group>"; };
		1140130528C9AD6C00B14D5A /* AuthorizationViewsData.swift */ = {isa = PBXFileReference; lastKnownFileType = sourcecode.swift; path = AuthorizationViewsData.swift; sourceTree = "<group>"; };
		1140130728CA1AF300B14D5A /* LoginPresenter.swift */ = {isa = PBXFileReference; lastKnownFileType = sourcecode.swift; path = LoginPresenter.swift; sourceTree = "<group>"; };
		1140130928CA1B8800B14D5A /* LoginInteractor.swift */ = {isa = PBXFileReference; lastKnownFileType = sourcecode.swift; path = LoginInteractor.swift; sourceTree = "<group>"; };
		1140130B28CA1C9F00B14D5A /* StringExtension.swift */ = {isa = PBXFileReference; lastKnownFileType = sourcecode.swift; path = StringExtension.swift; sourceTree = "<group>"; };
		1140130E28CA400D00B14D5A /* EmassiApiDelegate.swift */ = {isa = PBXFileReference; lastKnownFileType = sourcecode.swift; path = EmassiApiDelegate.swift; sourceTree = "<group>"; };
		1140131028CAB66000B14D5A /* URLRequestExtension.swift */ = {isa = PBXFileReference; lastKnownFileType = sourcecode.swift; path = URLRequestExtension.swift; sourceTree = "<group>"; };
		1140131228CB742200B14D5A /* EmassiURLSession.swift */ = {isa = PBXFileReference; lastKnownFileType = sourcecode.swift; path = EmassiURLSession.swift; sourceTree = "<group>"; };
		1140131528CBB07A00B14D5A /* PerformersListViewController.swift */ = {isa = PBXFileReference; lastKnownFileType = sourcecode.swift; path = PerformersListViewController.swift; sourceTree = "<group>"; };
		1140131728CBB40A00B14D5A /* PerformerTableViewCell.swift */ = {isa = PBXFileReference; lastKnownFileType = sourcecode.swift; path = PerformerTableViewCell.swift; sourceTree = "<group>"; };
		1140131A28CD07D300B14D5A /* DocumentTableViewCell.swift */ = {isa = PBXFileReference; lastKnownFileType = sourcecode.swift; path = DocumentTableViewCell.swift; sourceTree = "<group>"; };
		114E80B228C108B70028F39B /* emassi_IOS.app */ = {isa = PBXFileReference; explicitFileType = wrapper.application; includeInIndex = 0; path = emassi_IOS.app; sourceTree = BUILT_PRODUCTS_DIR; };
		114E80B528C108B70028F39B /* AppDelegate.swift */ = {isa = PBXFileReference; lastKnownFileType = sourcecode.swift; path = AppDelegate.swift; sourceTree = "<group>"; };
		114E80B728C108B70028F39B /* SceneDelegate.swift */ = {isa = PBXFileReference; lastKnownFileType = sourcecode.swift; path = SceneDelegate.swift; sourceTree = "<group>"; };
		114E80BC28C108B70028F39B /* Base */ = {isa = PBXFileReference; lastKnownFileType = file.storyboard; name = Base; path = Base.lproj/Main.storyboard; sourceTree = "<group>"; };
		114E80BF28C108B70028F39B /* emassi_IOS.xcdatamodel */ = {isa = PBXFileReference; lastKnownFileType = wrapper.xcdatamodel; path = emassi_IOS.xcdatamodel; sourceTree = "<group>"; };
		114E80C128C108B80028F39B /* Assets.xcassets */ = {isa = PBXFileReference; lastKnownFileType = folder.assetcatalog; path = Assets.xcassets; sourceTree = "<group>"; };
		114E80C428C108B80028F39B /* Base */ = {isa = PBXFileReference; lastKnownFileType = file.storyboard; name = Base; path = Base.lproj/LaunchScreen.storyboard; sourceTree = "<group>"; };
		114E80C628C108B80028F39B /* Info.plist */ = {isa = PBXFileReference; lastKnownFileType = text.plist.xml; path = Info.plist; sourceTree = "<group>"; };
		114E80CB28C108B80028F39B /* emassi_IOSTests.xctest */ = {isa = PBXFileReference; explicitFileType = wrapper.cfbundle; includeInIndex = 0; path = emassi_IOSTests.xctest; sourceTree = BUILT_PRODUCTS_DIR; };
		114E80CF28C108B80028F39B /* emassi_IOSTests.swift */ = {isa = PBXFileReference; lastKnownFileType = sourcecode.swift; path = emassi_IOSTests.swift; sourceTree = "<group>"; };
		114E80D528C108B80028F39B /* emassi_IOSUITests.xctest */ = {isa = PBXFileReference; explicitFileType = wrapper.cfbundle; includeInIndex = 0; path = emassi_IOSUITests.xctest; sourceTree = BUILT_PRODUCTS_DIR; };
		114E80D928C108B80028F39B /* emassi_IOSUITests.swift */ = {isa = PBXFileReference; lastKnownFileType = sourcecode.swift; path = emassi_IOSUITests.swift; sourceTree = "<group>"; };
		114E80DB28C108B80028F39B /* emassi_IOSUITestsLaunchTests.swift */ = {isa = PBXFileReference; lastKnownFileType = sourcecode.swift; path = emassi_IOSUITestsLaunchTests.swift; sourceTree = "<group>"; };
		114E80E928C12AD60028F39B /* OnboardingViewController.swift */ = {isa = PBXFileReference; lastKnownFileType = sourcecode.swift; path = OnboardingViewController.swift; sourceTree = "<group>"; };
		114E80EC28C12F510028F39B /* UIColorExtension.swift */ = {isa = PBXFileReference; lastKnownFileType = sourcecode.swift; path = UIColorExtension.swift; sourceTree = "<group>"; };
		114E80EE28C2022F0028F39B /* OnboardingCollectionViewCell.swift */ = {isa = PBXFileReference; lastKnownFileType = sourcecode.swift; path = OnboardingCollectionViewCell.swift; sourceTree = "<group>"; };
		114E80F128C219630028F39B /* LoginViewController.swift */ = {isa = PBXFileReference; lastKnownFileType = sourcecode.swift; path = LoginViewController.swift; sourceTree = "<group>"; };
		114E80F328C242250028F39B /* UIViewExtension.swift */ = {isa = PBXFileReference; lastKnownFileType = sourcecode.swift; path = UIViewExtension.swift; sourceTree = "<group>"; };
		114E80F628C24E890028F39B /* RegisterViewController.swift */ = {isa = PBXFileReference; lastKnownFileType = sourcecode.swift; path = RegisterViewController.swift; sourceTree = "<group>"; };
		114E80FA28C24F340028F39B /* UIButtonEmassi.swift */ = {isa = PBXFileReference; lastKnownFileType = sourcecode.swift; path = UIButtonEmassi.swift; sourceTree = "<group>"; };
		114E80FC28C253D60028F39B /* UITextFieldEmassi.swift */ = {isa = PBXFileReference; lastKnownFileType = sourcecode.swift; path = UITextFieldEmassi.swift; sourceTree = "<group>"; };
		114E80FE28C254700028F39B /* UITextFieldExtension.swift */ = {isa = PBXFileReference; lastKnownFileType = sourcecode.swift; path = UITextFieldExtension.swift; sourceTree = "<group>"; };
		114E810028C28AA90028F39B /* UISeparatorWithView.swift */ = {isa = PBXFileReference; lastKnownFileType = sourcecode.swift; path = UISeparatorWithView.swift; sourceTree = "<group>"; };
		114E810228C37E760028F39B /* UICheckBoxEmassi.swift */ = {isa = PBXFileReference; lastKnownFileType = sourcecode.swift; path = UICheckBoxEmassi.swift; sourceTree = "<group>"; };
		114E810528C39F760028F39B /* PerformersCategoriesViewController.swift */ = {isa = PBXFileReference; lastKnownFileType = sourcecode.swift; path = PerformersCategoriesViewController.swift; sourceTree = "<group>"; };
		114E810728C3AAE20028F39B /* PerformersCategoryTableViewCell.swift */ = {isa = PBXFileReference; lastKnownFileType = sourcecode.swift; path = PerformersCategoryTableViewCell.swift; sourceTree = "<group>"; };
		114E810928C3C6AE0028F39B /* PerformersCategory.swift */ = {isa = PBXFileReference; lastKnownFileType = sourcecode.swift; path = PerformersCategory.swift; sourceTree = "<group>"; };
		115BB48F28D9072400686670 /* AccountInfo.swift */ = {isa = PBXFileReference; lastKnownFileType = sourcecode.swift; path = AccountInfo.swift; sourceTree = "<group>"; };
		115BB49128DA0C0D00686670 /* Offer.swift */ = {isa = PBXFileReference; lastKnownFileType = sourcecode.swift; path = Offer.swift; sourceTree = "<group>"; };
		115BB49328DA2A0A00686670 /* Time.swift */ = {isa = PBXFileReference; lastKnownFileType = sourcecode.swift; path = Time.swift; sourceTree = "<group>"; };
		115BB49528DA57D900686670 /* GeoPosition.swift */ = {isa = PBXFileReference; lastKnownFileType = sourcecode.swift; path = GeoPosition.swift; sourceTree = "<group>"; };
		115BB49828DB7A8B00686670 /* ResetPasswordViewContoller.swift */ = {isa = PBXFileReference; lastKnownFileType = sourcecode.swift; path = ResetPasswordViewContoller.swift; sourceTree = "<group>"; };
		115BB49A28DB80DF00686670 /* ResetPasswordPresenter.swift */ = {isa = PBXFileReference; lastKnownFileType = sourcecode.swift; path = ResetPasswordPresenter.swift; sourceTree = "<group>"; };
		115BB49C28DB81A300686670 /* ResetPasswordInteractor.swift */ = {isa = PBXFileReference; lastKnownFileType = sourcecode.swift; path = ResetPasswordInteractor.swift; sourceTree = "<group>"; };
		115BB49E28DB8D7100686670 /* SessionConfiguration.swift */ = {isa = PBXFileReference; lastKnownFileType = sourcecode.swift; path = SessionConfiguration.swift; sourceTree = "<group>"; };
		115BB4A028DC888A00686670 /* PerformersCategoriesPresenter.swift */ = {isa = PBXFileReference; lastKnownFileType = sourcecode.swift; path = PerformersCategoriesPresenter.swift; sourceTree = "<group>"; };
		115BB4A228DC893400686670 /* PerformersCategoriesInteractor.swift */ = {isa = PBXFileReference; lastKnownFileType = sourcecode.swift; path = PerformersCategoriesInteractor.swift; sourceTree = "<group>"; };
		115BB4A428DCE6E300686670 /* PerformersListPresenter.swift */ = {isa = PBXFileReference; lastKnownFileType = sourcecode.swift; path = PerformersListPresenter.swift; sourceTree = "<group>"; };
		115BB4A628DDA93C00686670 /* PerformersListInteractor.swift */ = {isa = PBXFileReference; lastKnownFileType = sourcecode.swift; path = PerformersListInteractor.swift; sourceTree = "<group>"; };
		115BB4A828DDAAB100686670 /* PerformersListDataSourceAndDelegate.swift */ = {isa = PBXFileReference; lastKnownFileType = sourcecode.swift; path = PerformersListDataSourceAndDelegate.swift; sourceTree = "<group>"; };
		115BB4AA28DE06D000686670 /* PerformerInfoPresenter.swift */ = {isa = PBXFileReference; lastKnownFileType = sourcecode.swift; path = PerformerInfoPresenter.swift; sourceTree = "<group>"; };
		115BB4AC28DE07B800686670 /* PerformerInfoInteractor.swift */ = {isa = PBXFileReference; lastKnownFileType = sourcecode.swift; path = PerformerInfoInteractor.swift; sourceTree = "<group>"; };
		115BB4AF28DF277800686670 /* PerformerProfileViewController.swift */ = {isa = PBXFileReference; lastKnownFileType = sourcecode.swift; path = PerformerProfileViewController.swift; sourceTree = "<group>"; };
		115BB4B128DF3BB000686670 /* MoreSelector.swift */ = {isa = PBXFileReference; lastKnownFileType = sourcecode.swift; path = MoreSelector.swift; sourceTree = "<group>"; };
		115BB4B328E06A6600686670 /* UIPickerItemsSelector.swift */ = {isa = PBXFileReference; lastKnownFileType = sourcecode.swift; path = UIPickerItemsSelector.swift; sourceTree = "<group>"; };
		115BB4B528E0895F00686670 /* PerformerProfilePresenter.swift */ = {isa = PBXFileReference; lastKnownFileType = sourcecode.swift; path = PerformerProfilePresenter.swift; sourceTree = "<group>"; };
		115BB4B728E08A0600686670 /* PerformerProfileInteractor.swift */ = {isa = PBXFileReference; lastKnownFileType = sourcecode.swift; path = PerformerProfileInteractor.swift; sourceTree = "<group>"; };
		115BB4B928E1C26100686670 /* UIImageExtension.swift */ = {isa = PBXFileReference; lastKnownFileType = sourcecode.swift; path = UIImageExtension.swift; sourceTree = "<group>"; };
		115BB4BB28E1E3F300686670 /* ImagePickerController.swift */ = {isa = PBXFileReference; lastKnownFileType = sourcecode.swift; path = ImagePickerController.swift; sourceTree = "<group>"; };
		1194A15428CE79F100BAF84B /* DocumentsViewController.swift */ = {isa = PBXFileReference; lastKnownFileType = sourcecode.swift; path = DocumentsViewController.swift; sourceTree = "<group>"; };
		1194A15728CE7EEB00BAF84B /* FavoriteViewController.swift */ = {isa = PBXFileReference; lastKnownFileType = sourcecode.swift; path = FavoriteViewController.swift; sourceTree = "<group>"; };
		1194A15928CF482F00BAF84B /* URLExtension.swift */ = {isa = PBXFileReference; lastKnownFileType = sourcecode.swift; path = URLExtension.swift; sourceTree = "<group>"; };
		1194A15C28CF718A00BAF84B /* EmassiApiResponse.swift */ = {isa = PBXFileReference; lastKnownFileType = sourcecode.swift; path = EmassiApiResponse.swift; sourceTree = "<group>"; };
		1194A15E28CF7DEC00BAF84B /* EmassiRouter.swift */ = {isa = PBXFileReference; lastKnownFileType = sourcecode.swift; path = EmassiRouter.swift; sourceTree = "<group>"; };
		1194A16028CFA70E00BAF84B /* RegisterPresenter.swift */ = {isa = PBXFileReference; lastKnownFileType = sourcecode.swift; path = RegisterPresenter.swift; sourceTree = "<group>"; };
		1194A16228CFA7C000BAF84B /* RegisterInteractor.swift */ = {isa = PBXFileReference; lastKnownFileType = sourcecode.swift; path = RegisterInteractor.swift; sourceTree = "<group>"; };
		1194A16428CFB3A600BAF84B /* UIViewControllerExtension.swift */ = {isa = PBXFileReference; lastKnownFileType = sourcecode.swift; path = UIViewControllerExtension.swift; sourceTree = "<group>"; };
		11CBB7BF28C4B22900FED8D5 /* PerformerInfoViewController.swift */ = {isa = PBXFileReference; lastKnownFileType = sourcecode.swift; path = PerformerInfoViewController.swift; sourceTree = "<group>"; };
		11CBB7C128C4F03F00FED8D5 /* UILabelExtension.swift */ = {isa = PBXFileReference; lastKnownFileType = sourcecode.swift; path = UILabelExtension.swift; sourceTree = "<group>"; };
		11CBB7C328C4F23900FED8D5 /* UILabelBordered.swift */ = {isa = PBXFileReference; lastKnownFileType = sourcecode.swift; path = UILabelBordered.swift; sourceTree = "<group>"; };
		11CBB7C528C4FDD700FED8D5 /* UIRatingView.swift */ = {isa = PBXFileReference; lastKnownFileType = sourcecode.swift; path = UIRatingView.swift; sourceTree = "<group>"; };
		11CBB7C728C6105D00FED8D5 /* PerformerReviewsTableVIewDataSource.swift */ = {isa = PBXFileReference; lastKnownFileType = sourcecode.swift; path = PerformerReviewsTableVIewDataSource.swift; sourceTree = "<group>"; };
		11CBB7C928C6111B00FED8D5 /* PerformersCategoriesTableViewDataSource.swift */ = {isa = PBXFileReference; lastKnownFileType = sourcecode.swift; path = PerformersCategoriesTableViewDataSource.swift; sourceTree = "<group>"; };
		11CBB7CC28C79F1800FED8D5 /* MenuViewController.swift */ = {isa = PBXFileReference; lastKnownFileType = sourcecode.swift; path = MenuViewController.swift; sourceTree = "<group>"; };
		11DCADE928D08CC400568D16 /* WorksRequestViewController.swift */ = {isa = PBXFileReference; lastKnownFileType = sourcecode.swift; path = WorksRequestViewController.swift; sourceTree = "<group>"; };
		11DCADEB28D1FD6F00568D16 /* WorksRequestTableViewCell.swift */ = {isa = PBXFileReference; lastKnownFileType = sourcecode.swift; path = WorksRequestTableViewCell.swift; sourceTree = "<group>"; };
		11DCADED28D20FED00568D16 /* UIControlExtension.swift */ = {isa = PBXFileReference; lastKnownFileType = sourcecode.swift; path = UIControlExtension.swift; sourceTree = "<group>"; };
		11DCADEF28D24D9E00568D16 /* SettingsViewController.swift */ = {isa = PBXFileReference; lastKnownFileType = sourcecode.swift; path = SettingsViewController.swift; sourceTree = "<group>"; };
		11DCADF128D24E1000568D16 /* SettingTableViewCell.swift */ = {isa = PBXFileReference; lastKnownFileType = sourcecode.swift; path = SettingTableViewCell.swift; sourceTree = "<group>"; };
		11DCADF428D34C7900568D16 /* FeedbackViewController.swift */ = {isa = PBXFileReference; lastKnownFileType = sourcecode.swift; path = FeedbackViewController.swift; sourceTree = "<group>"; };
		11DCADF628D3537A00568D16 /* UITextViewEmassi.swift */ = {isa = PBXFileReference; lastKnownFileType = sourcecode.swift; path = UITextViewEmassi.swift; sourceTree = "<group>"; };
		11DCADF828D3580500568D16 /* Performer.swift */ = {isa = PBXFileReference; lastKnownFileType = sourcecode.swift; path = Performer.swift; sourceTree = "<group>"; };
		11DCADFA28D35B3300568D16 /* Review.swift */ = {isa = PBXFileReference; lastKnownFileType = sourcecode.swift; path = Review.swift; sourceTree = "<group>"; };
		11DCADFC28D35B4C00568D16 /* Username.swift */ = {isa = PBXFileReference; lastKnownFileType = sourcecode.swift; path = Username.swift; sourceTree = "<group>"; };
		11DCADFE28D35B7100568D16 /* Photo.swift */ = {isa = PBXFileReference; lastKnownFileType = sourcecode.swift; path = Photo.swift; sourceTree = "<group>"; };
		11DCAE0028D35B9800568D16 /* Phone.swift */ = {isa = PBXFileReference; lastKnownFileType = sourcecode.swift; path = Phone.swift; sourceTree = "<group>"; };
		11DCAE0228D3613B00568D16 /* Customer.swift */ = {isa = PBXFileReference; lastKnownFileType = sourcecode.swift; path = Customer.swift; sourceTree = "<group>"; };
		11DCAE0428D3619B00568D16 /* Address.swift */ = {isa = PBXFileReference; lastKnownFileType = sourcecode.swift; path = Address.swift; sourceTree = "<group>"; };
		11DCAE0628D364B100568D16 /* Location.swift */ = {isa = PBXFileReference; lastKnownFileType = sourcecode.swift; path = Location.swift; sourceTree = "<group>"; };
		11DCAE0828D3669100568D16 /* Work.swift */ = {isa = PBXFileReference; lastKnownFileType = sourcecode.swift; path = Work.swift; sourceTree = "<group>"; };
		11DCAE0A28D3673B00568D16 /* Category.swift */ = {isa = PBXFileReference; lastKnownFileType = sourcecode.swift; path = Category.swift; sourceTree = "<group>"; };
		11DCAE0C28D3691B00568D16 /* DateStartEnd.swift */ = {isa = PBXFileReference; lastKnownFileType = sourcecode.swift; path = DateStartEnd.swift; sourceTree = "<group>"; };
		11DCAE0F28D5EC8300568D16 /* PublicRequestViewController.swift */ = {isa = PBXFileReference; lastKnownFileType = sourcecode.swift; path = PublicRequestViewController.swift; sourceTree = "<group>"; };
		11F818CF28EDEF8E00769AC1 /* AsyncOperation.swift */ = {isa = PBXFileReference; lastKnownFileType = sourcecode.swift; path = AsyncOperation.swift; sourceTree = "<group>"; };
		11F818D128EF16F200769AC1 /* UserDefaultsExtension.swift */ = {isa = PBXFileReference; lastKnownFileType = sourcecode.swift; path = UserDefaultsExtension.swift; sourceTree = "<group>"; };
		11F818D328EF753100769AC1 /* ResponseWorkWithCustomer.swift */ = {isa = PBXFileReference; lastKnownFileType = sourcecode.swift; path = ResponseWorkWithCustomer.swift; sourceTree = "<group>"; };
		11F818D828F20FA400769AC1 /* FavoritePresenter.swift */ = {isa = PBXFileReference; lastKnownFileType = sourcecode.swift; path = FavoritePresenter.swift; sourceTree = "<group>"; };
		11F818DA28F2131400769AC1 /* FavoriteInteractor.swift */ = {isa = PBXFileReference; lastKnownFileType = sourcecode.swift; path = FavoriteInteractor.swift; sourceTree = "<group>"; };
		11F818DC28F228BC00769AC1 /* SendFeedbackPresenter.swift */ = {isa = PBXFileReference; lastKnownFileType = sourcecode.swift; path = SendFeedbackPresenter.swift; sourceTree = "<group>"; };
		11F818DE28F22A2000769AC1 /* SendFeedbackInteractor.swift */ = {isa = PBXFileReference; lastKnownFileType = sourcecode.swift; path = SendFeedbackInteractor.swift; sourceTree = "<group>"; };
		11F818E028F35A7F00769AC1 /* WorkStatus.swift */ = {isa = PBXFileReference; lastKnownFileType = sourcecode.swift; path = WorkStatus.swift; sourceTree = "<group>"; };
		11F818E328F4599800769AC1 /* OrderInfoViewController.swift */ = {isa = PBXFileReference; lastKnownFileType = sourcecode.swift; path = OrderInfoViewController.swift; sourceTree = "<group>"; };
		11F818E528F47ECD00769AC1 /* OrderInfoPresenter.swift */ = {isa = PBXFileReference; lastKnownFileType = sourcecode.swift; path = OrderInfoPresenter.swift; sourceTree = "<group>"; };
		11F818E728F47ED700769AC1 /* OrderInfoInteractor.swift */ = {isa = PBXFileReference; lastKnownFileType = sourcecode.swift; path = OrderInfoInteractor.swift; sourceTree = "<group>"; };
		11F818EC28F4E26500769AC1 /* en */ = {isa = PBXFileReference; lastKnownFileType = text.plist.strings; name = en; path = en.lproj/Localizable.strings; sourceTree = "<group>"; };
		11F818EE28F4E37B00769AC1 /* ru */ = {isa = PBXFileReference; lastKnownFileType = text.plist.strings; name = ru; path = ru.lproj/Localizable.strings; sourceTree = "<group>"; };
		11FF061328E5081F00EAEF33 /* WorksRequestTableViewDataSource.swift */ = {isa = PBXFileReference; lastKnownFileType = sourcecode.swift; path = WorksRequestTableViewDataSource.swift; sourceTree = "<group>"; };
		11FF061528E5B51700EAEF33 /* CreateRequestViewController.swift */ = {isa = PBXFileReference; lastKnownFileType = sourcecode.swift; path = CreateRequestViewController.swift; sourceTree = "<group>"; };
		11FF061728E5C2C300EAEF33 /* CreateRequestPresenter.swift */ = {isa = PBXFileReference; lastKnownFileType = sourcecode.swift; path = CreateRequestPresenter.swift; sourceTree = "<group>"; };
		11FF061928E5C35400EAEF33 /* CreateRequestInteractor.swift */ = {isa = PBXFileReference; lastKnownFileType = sourcecode.swift; path = CreateRequestInteractor.swift; sourceTree = "<group>"; };
		11FF061B28E6293500EAEF33 /* NotificationCenterExtension.swift */ = {isa = PBXFileReference; lastKnownFileType = sourcecode.swift; path = NotificationCenterExtension.swift; sourceTree = "<group>"; };
		11FF061D28E7210D00EAEF33 /* UImageViewPagging.swift */ = {isa = PBXFileReference; lastKnownFileType = sourcecode.swift; path = UImageViewPagging.swift; sourceTree = "<group>"; };
		11FF062128E755C000EAEF33 /* AddressSearchViewController.swift */ = {isa = PBXFileReference; lastKnownFileType = sourcecode.swift; path = AddressSearchViewController.swift; sourceTree = "<group>"; };
		11FF062328E8896100EAEF33 /* LocationManager.swift */ = {isa = PBXFileReference; lastKnownFileType = sourcecode.swift; path = LocationManager.swift; sourceTree = "<group>"; };
		11FF062528E8C89000EAEF33 /* LocaleExtension.swift */ = {isa = PBXFileReference; lastKnownFileType = sourcecode.swift; path = LocaleExtension.swift; sourceTree = "<group>"; };
		11FF062928EA34D000EAEF33 /* PublicRequestPresenter.swift */ = {isa = PBXFileReference; lastKnownFileType = sourcecode.swift; path = PublicRequestPresenter.swift; sourceTree = "<group>"; };
		11FF062B28EA34E300EAEF33 /* PublicRequestInteractor.swift */ = {isa = PBXFileReference; lastKnownFileType = sourcecode.swift; path = PublicRequestInteractor.swift; sourceTree = "<group>"; };
		11FF062E28EB7AA900EAEF33 /* ActiveWorksViewController.swift */ = {isa = PBXFileReference; lastKnownFileType = sourcecode.swift; path = ActiveWorksViewController.swift; sourceTree = "<group>"; };
		11FF063028EB7ABA00EAEF33 /* ActiveWorksPresenter.swift */ = {isa = PBXFileReference; lastKnownFileType = sourcecode.swift; path = ActiveWorksPresenter.swift; sourceTree = "<group>"; };
		11FF063228EB7AC400EAEF33 /* ActiveWorksInteractor.swift */ = {isa = PBXFileReference; lastKnownFileType = sourcecode.swift; path = ActiveWorksInteractor.swift; sourceTree = "<group>"; };
		11FF063428EB8C3600EAEF33 /* ActiveWorksHeaderView.swift */ = {isa = PBXFileReference; lastKnownFileType = sourcecode.swift; path = ActiveWorksHeaderView.swift; sourceTree = "<group>"; };
		11FF063628EB923700EAEF33 /* ActiveWorksTableViewDataUIWorker.swift */ = {isa = PBXFileReference; lastKnownFileType = sourcecode.swift; path = ActiveWorksTableViewDataUIWorker.swift; sourceTree = "<group>"; };
		11FF063828EBADF600EAEF33 /* DateExtension.swift */ = {isa = PBXFileReference; lastKnownFileType = sourcecode.swift; path = DateExtension.swift; sourceTree = "<group>"; };
		11FF063B28EBB27600EAEF33 /* SendOfferViewController.swift */ = {isa = PBXFileReference; lastKnownFileType = sourcecode.swift; path = SendOfferViewController.swift; sourceTree = "<group>"; };
		11FF063E28EC77A500EAEF33 /* OrdersListViewController.swift */ = {isa = PBXFileReference; lastKnownFileType = sourcecode.swift; path = OrdersListViewController.swift; sourceTree = "<group>"; };
		11FF064028EC77CF00EAEF33 /* OrdersListItemTableViewCell.swift */ = {isa = PBXFileReference; lastKnownFileType = sourcecode.swift; path = OrdersListItemTableViewCell.swift; sourceTree = "<group>"; };
		11FF064228EC817800EAEF33 /* OrdersListPresenter.swift */ = {isa = PBXFileReference; lastKnownFileType = sourcecode.swift; path = OrdersListPresenter.swift; sourceTree = "<group>"; };
		11FF064428EC823000EAEF33 /* OrdersListInteractor.swift */ = {isa = PBXFileReference; lastKnownFileType = sourcecode.swift; path = OrdersListInteractor.swift; sourceTree = "<group>"; };
		11FF064628ECEB9700EAEF33 /* NetworkConnectionChecker.swift */ = {isa = PBXFileReference; lastKnownFileType = sourcecode.swift; path = NetworkConnectionChecker.swift; sourceTree = "<group>"; };
		11FF064C28EDBBAB00EAEF33 /* OrdersListTableViewDataUIWorker.swift */ = {isa = PBXFileReference; lastKnownFileType = sourcecode.swift; path = OrdersListTableViewDataUIWorker.swift; sourceTree = "<group>"; };
/* End PBXFileReference section */

/* Begin PBXFrameworksBuildPhase section */
		114E80AF28C108B70028F39B /* Frameworks */ = {
			isa = PBXFrameworksBuildPhase;
			buildActionMask = 2147483647;
			files = (
				11F818D728F100BB00769AC1 /* KeychainAccess in Frameworks */,
				11FF064B28ED35C800EAEF33 /* Connectivity in Frameworks */,
			);
			runOnlyForDeploymentPostprocessing = 0;
		};
		114E80C828C108B80028F39B /* Frameworks */ = {
			isa = PBXFrameworksBuildPhase;
			buildActionMask = 2147483647;
			files = (
			);
			runOnlyForDeploymentPostprocessing = 0;
		};
		114E80D228C108B80028F39B /* Frameworks */ = {
			isa = PBXFrameworksBuildPhase;
			buildActionMask = 2147483647;
			files = (
			);
			runOnlyForDeploymentPostprocessing = 0;
		};
/* End PBXFrameworksBuildPhase section */

/* Begin PBXGroup section */
		1140130428C9AD3100B14D5A /* Authorization */ = {
			isa = PBXGroup;
			children = (
				115BB49728DB7A6F00686670 /* ResetPasswordView */,
				114E80E828C10B050028F39B /* OnboardingView */,
				114E80F528C24E770028F39B /* RegisterView */,
				114E80F028C219470028F39B /* LoginView */,
				1140130528C9AD6C00B14D5A /* AuthorizationViewsData.swift */,
			);
			path = Authorization;
			sourceTree = "<group>";
		};
		1140130D28CA3FF400B14D5A /* EmassiApi */ = {
			isa = PBXGroup;
			children = (
				1194A15B28CF716900BAF84B /* Models */,
				1140130E28CA400D00B14D5A /* EmassiApiDelegate.swift */,
				1140131228CB742200B14D5A /* EmassiURLSession.swift */,
				115BB49E28DB8D7100686670 /* SessionConfiguration.swift */,
			);
			path = EmassiApi;
			sourceTree = "<group>";
		};
		1140131428CBAE5600B14D5A /* PerformersList */ = {
			isa = PBXGroup;
			children = (
				1140131528CBB07A00B14D5A /* PerformersListViewController.swift */,
				1140131728CBB40A00B14D5A /* PerformerTableViewCell.swift */,
				115BB4A428DCE6E300686670 /* PerformersListPresenter.swift */,
				115BB4A628DDA93C00686670 /* PerformersListInteractor.swift */,
				115BB4A828DDAAB100686670 /* PerformersListDataSourceAndDelegate.swift */,
			);
			path = PerformersList;
			sourceTree = "<group>";
		};
		1140131928CD07B500B14D5A /* DocumentsView */ = {
			isa = PBXGroup;
			children = (
				1140131A28CD07D300B14D5A /* DocumentTableViewCell.swift */,
				1194A15428CE79F100BAF84B /* DocumentsViewController.swift */,
				1113D2C028E4A0E8003C9FD3 /* DocumentsPresenter.swift */,
				1113D2C228E4A0F3003C9FD3 /* DocumentsInteractor.swift */,
			);
			path = DocumentsView;
			sourceTree = "<group>";
		};
		114E80A928C108B70028F39B = {
			isa = PBXGroup;
			children = (
				114E80B428C108B70028F39B /* emassi_IOS */,
				114E80CE28C108B80028F39B /* emassi_IOSTests */,
				114E80D828C108B80028F39B /* emassi_IOSUITests */,
				114E80B328C108B70028F39B /* Products */,
			);
			sourceTree = "<group>";
		};
		114E80B328C108B70028F39B /* Products */ = {
			isa = PBXGroup;
			children = (
				114E80B228C108B70028F39B /* emassi_IOS.app */,
				114E80CB28C108B80028F39B /* emassi_IOSTests.xctest */,
				114E80D528C108B80028F39B /* emassi_IOSUITests.xctest */,
			);
			name = Products;
			sourceTree = "<group>";
		};
		114E80B428C108B70028F39B /* emassi_IOS */ = {
			isa = PBXGroup;
			children = (
				11F818ED28F4E26500769AC1 /* Localizable.strings */,
				11F818E228F4598100769AC1 /* OrderInfoView */,
				11FF063D28EC776B00EAEF33 /* OrdersListView */,
				11FF063A28EBB1A000EAEF33 /* SendOffer */,
				11FF062D28EB74F200EAEF33 /* ActiveWorksRequest */,
				115BB4AE28DF276600686670 /* ProfileView */,
				11DCAE0E28D5EC6E00568D16 /* RequestView */,
				11DCADF328D34C6900568D16 /* FeedbackView */,
				11DCADE828D08B7A00568D16 /* WorksRequest */,
				11DCADE728CFD35A00568D16 /* SettingsView */,
				1194A15628CE7ED000BAF84B /* FavoriteView */,
				1140131928CD07B500B14D5A /* DocumentsView */,
				1140131428CBAE5600B14D5A /* PerformersList */,
				1140130D28CA3FF400B14D5A /* EmassiApi */,
				11CBB7CE28C7B82E00FED8D5 /* CustomClasses */,
				11CBB7CB28C79EF200FED8D5 /* MenuView */,
				11CBB7BE28C4B1F700FED8D5 /* PerformerInfoView */,
				114E810428C39F5A0028F39B /* PerformersCategories */,
				114E80F828C24EDA0028F39B /* CustomViews */,
				1140130428C9AD3100B14D5A /* Authorization */,
				114E80EB28C12F3A0028F39B /* Extensions */,
				114E80B528C108B70028F39B /* AppDelegate.swift */,
				114E80B728C108B70028F39B /* SceneDelegate.swift */,
				114E80BB28C108B70028F39B /* Main.storyboard */,
				114E80C128C108B80028F39B /* Assets.xcassets */,
				114E80C328C108B80028F39B /* LaunchScreen.storyboard */,
				114E80C628C108B80028F39B /* Info.plist */,
				114E80BE28C108B70028F39B /* emassi_IOS.xcdatamodeld */,
				1194A15E28CF7DEC00BAF84B /* EmassiRouter.swift */,
			);
			path = emassi_IOS;
			sourceTree = "<group>";
		};
		114E80CE28C108B80028F39B /* emassi_IOSTests */ = {
			isa = PBXGroup;
			children = (
				114E80CF28C108B80028F39B /* emassi_IOSTests.swift */,
			);
			path = emassi_IOSTests;
			sourceTree = "<group>";
		};
		114E80D828C108B80028F39B /* emassi_IOSUITests */ = {
			isa = PBXGroup;
			children = (
				114E80D928C108B80028F39B /* emassi_IOSUITests.swift */,
				114E80DB28C108B80028F39B /* emassi_IOSUITestsLaunchTests.swift */,
			);
			path = emassi_IOSUITests;
			sourceTree = "<group>";
		};
		114E80E828C10B050028F39B /* OnboardingView */ = {
			isa = PBXGroup;
			children = (
				114E80E928C12AD60028F39B /* OnboardingViewController.swift */,
				114E80EE28C2022F0028F39B /* OnboardingCollectionViewCell.swift */,
				1140130228C90E9500B14D5A /* OnBoardingItem.swift */,
			);
			path = OnboardingView;
			sourceTree = "<group>";
		};
		114E80EB28C12F3A0028F39B /* Extensions */ = {
			isa = PBXGroup;
			children = (
				114E80EC28C12F510028F39B /* UIColorExtension.swift */,
				114E80F328C242250028F39B /* UIViewExtension.swift */,
				114E80FE28C254700028F39B /* UITextFieldExtension.swift */,
				11CBB7C128C4F03F00FED8D5 /* UILabelExtension.swift */,
				1140130B28CA1C9F00B14D5A /* StringExtension.swift */,
				1140131028CAB66000B14D5A /* URLRequestExtension.swift */,
				1194A15928CF482F00BAF84B /* URLExtension.swift */,
				1194A16428CFB3A600BAF84B /* UIViewControllerExtension.swift */,
				11DCADED28D20FED00568D16 /* UIControlExtension.swift */,
				115BB4B928E1C26100686670 /* UIImageExtension.swift */,
				11FF061B28E6293500EAEF33 /* NotificationCenterExtension.swift */,
				11FF062528E8C89000EAEF33 /* LocaleExtension.swift */,
				11FF063828EBADF600EAEF33 /* DateExtension.swift */,
				11F818D128EF16F200769AC1 /* UserDefaultsExtension.swift */,
			);
			path = Extensions;
			sourceTree = "<group>";
		};
		114E80F028C219470028F39B /* LoginView */ = {
			isa = PBXGroup;
			children = (
				114E80F128C219630028F39B /* LoginViewController.swift */,
				1140130728CA1AF300B14D5A /* LoginPresenter.swift */,
				1140130928CA1B8800B14D5A /* LoginInteractor.swift */,
			);
			path = LoginView;
			sourceTree = "<group>";
		};
		114E80F528C24E770028F39B /* RegisterView */ = {
			isa = PBXGroup;
			children = (
				114E80F628C24E890028F39B /* RegisterViewController.swift */,
				1194A16028CFA70E00BAF84B /* RegisterPresenter.swift */,
				1194A16228CFA7C000BAF84B /* RegisterInteractor.swift */,
			);
			path = RegisterView;
			sourceTree = "<group>";
		};
		114E80F828C24EDA0028F39B /* CustomViews */ = {
			isa = PBXGroup;
			children = (
				114E80FA28C24F340028F39B /* UIButtonEmassi.swift */,
				114E80FC28C253D60028F39B /* UITextFieldEmassi.swift */,
				114E810028C28AA90028F39B /* UISeparatorWithView.swift */,
				114E810228C37E760028F39B /* UICheckBoxEmassi.swift */,
				11CBB7C328C4F23900FED8D5 /* UILabelBordered.swift */,
				11CBB7C528C4FDD700FED8D5 /* UIRatingView.swift */,
				11DCADF628D3537A00568D16 /* UITextViewEmassi.swift */,
				115BB4B128DF3BB000686670 /* MoreSelector.swift */,
				115BB4B328E06A6600686670 /* UIPickerItemsSelector.swift */,
				115BB4BB28E1E3F300686670 /* ImagePickerController.swift */,
				11FF061D28E7210D00EAEF33 /* UImageViewPagging.swift */,
				11FF062128E755C000EAEF33 /* AddressSearchViewController.swift */,
			);
			path = CustomViews;
			sourceTree = "<group>";
		};
		114E810428C39F5A0028F39B /* PerformersCategories */ = {
			isa = PBXGroup;
			children = (
				114E810528C39F760028F39B /* PerformersCategoriesViewController.swift */,
				114E810728C3AAE20028F39B /* PerformersCategoryTableViewCell.swift */,
				11CBB7C928C6111B00FED8D5 /* PerformersCategoriesTableViewDataSource.swift */,
				115BB4A028DC888A00686670 /* PerformersCategoriesPresenter.swift */,
				115BB4A228DC893400686670 /* PerformersCategoriesInteractor.swift */,
			);
			path = PerformersCategories;
			sourceTree = "<group>";
		};
		115BB49728DB7A6F00686670 /* ResetPasswordView */ = {
			isa = PBXGroup;
			children = (
				115BB49828DB7A8B00686670 /* ResetPasswordViewContoller.swift */,
				115BB49A28DB80DF00686670 /* ResetPasswordPresenter.swift */,
				115BB49C28DB81A300686670 /* ResetPasswordInteractor.swift */,
			);
			path = ResetPasswordView;
			sourceTree = "<group>";
		};
		115BB4AE28DF276600686670 /* ProfileView */ = {
			isa = PBXGroup;
			children = (
				115BB4AF28DF277800686670 /* PerformerProfileViewController.swift */,
				115BB4B528E0895F00686670 /* PerformerProfilePresenter.swift */,
				115BB4B728E08A0600686670 /* PerformerProfileInteractor.swift */,
			);
			path = ProfileView;
			sourceTree = "<group>";
		};
		1194A15628CE7ED000BAF84B /* FavoriteView */ = {
			isa = PBXGroup;
			children = (
				1194A15728CE7EEB00BAF84B /* FavoriteViewController.swift */,
				11F818D828F20FA400769AC1 /* FavoritePresenter.swift */,
				11F818DA28F2131400769AC1 /* FavoriteInteractor.swift */,
			);
			path = FavoriteView;
			sourceTree = "<group>";
		};
		1194A15B28CF716900BAF84B /* Models */ = {
			isa = PBXGroup;
			children = (
				1194A15C28CF718A00BAF84B /* EmassiApiResponse.swift */,
				11DCADF828D3580500568D16 /* Performer.swift */,
				11DCADFA28D35B3300568D16 /* Review.swift */,
				11DCADFC28D35B4C00568D16 /* Username.swift */,
				11DCADFE28D35B7100568D16 /* Photo.swift */,
				114E810928C3C6AE0028F39B /* PerformersCategory.swift */,
				11DCAE0028D35B9800568D16 /* Phone.swift */,
				11DCAE0228D3613B00568D16 /* Customer.swift */,
				11DCAE0428D3619B00568D16 /* Address.swift */,
				11DCAE0628D364B100568D16 /* Location.swift */,
				11DCAE0828D3669100568D16 /* Work.swift */,
				11DCAE0A28D3673B00568D16 /* Category.swift */,
				11DCAE0C28D3691B00568D16 /* DateStartEnd.swift */,
				115BB48F28D9072400686670 /* AccountInfo.swift */,
				115BB49128DA0C0D00686670 /* Offer.swift */,
				115BB49328DA2A0A00686670 /* Time.swift */,
				115BB49528DA57D900686670 /* GeoPosition.swift */,
				1113D2BC28E47B30003C9FD3 /* DocumentType.swift */,
				11F818D328EF753100769AC1 /* ResponseWorkWithCustomer.swift */,
				11F818E028F35A7F00769AC1 /* WorkStatus.swift */,
			);
			path = Models;
			sourceTree = "<group>";
		};
		11CBB7BE28C4B1F700FED8D5 /* PerformerInfoView */ = {
			isa = PBXGroup;
			children = (
				11CBB7BF28C4B22900FED8D5 /* PerformerInfoViewController.swift */,
				11CBB7C728C6105D00FED8D5 /* PerformerReviewsTableVIewDataSource.swift */,
				115BB4AA28DE06D000686670 /* PerformerInfoPresenter.swift */,
				115BB4AC28DE07B800686670 /* PerformerInfoInteractor.swift */,
			);
			path = PerformerInfoView;
			sourceTree = "<group>";
		};
		11CBB7CB28C79EF200FED8D5 /* MenuView */ = {
			isa = PBXGroup;
			children = (
				114012FE28C7CE5C00B14D5A /* MenuAction.swift */,
				11CBB7CC28C79F1800FED8D5 /* MenuViewController.swift */,
				1140130028C7E1E600B14D5A /* MenuNavigationViewController.swift */,
			);
			path = MenuView;
			sourceTree = "<group>";
		};
		11CBB7CE28C7B82E00FED8D5 /* CustomClasses */ = {
			isa = PBXGroup;
			children = (
				11FF062328E8896100EAEF33 /* LocationManager.swift */,
				11FF064628ECEB9700EAEF33 /* NetworkConnectionChecker.swift */,
				11F818CF28EDEF8E00769AC1 /* AsyncOperation.swift */,
			);
			path = CustomClasses;
			sourceTree = "<group>";
		};
		11DCADE728CFD35A00568D16 /* SettingsView */ = {
			isa = PBXGroup;
			children = (
				11DCADEF28D24D9E00568D16 /* SettingsViewController.swift */,
				11DCADF128D24E1000568D16 /* SettingTableViewCell.swift */,
			);
			path = SettingsView;
			sourceTree = "<group>";
		};
		11DCADE828D08B7A00568D16 /* WorksRequest */ = {
			isa = PBXGroup;
			children = (
				11DCADE928D08CC400568D16 /* WorksRequestViewController.swift */,
				11DCADEB28D1FD6F00568D16 /* WorksRequestTableViewCell.swift */,
				1113D2C828E502A4003C9FD3 /* WorksRequestPresenter.swift */,
				1113D2CC28E50536003C9FD3 /* WorksRequestInteractor.swift */,
				11FF061328E5081F00EAEF33 /* WorksRequestTableViewDataSource.swift */,
			);
			path = WorksRequest;
			sourceTree = "<group>";
		};
		11DCADF328D34C6900568D16 /* FeedbackView */ = {
			isa = PBXGroup;
			children = (
				11DCADF428D34C7900568D16 /* FeedbackViewController.swift */,
				11F818DC28F228BC00769AC1 /* SendFeedbackPresenter.swift */,
				11F818DE28F22A2000769AC1 /* SendFeedbackInteractor.swift */,
			);
			path = FeedbackView;
			sourceTree = "<group>";
		};
		11DCAE0E28D5EC6E00568D16 /* RequestView */ = {
			isa = PBXGroup;
			children = (
				11FF062828EA32CE00EAEF33 /* RequestForAllPerformers */,
				11FF062728EA329D00EAEF33 /* RequestForPerformer */,
			);
			path = RequestView;
			sourceTree = "<group>";
		};
		11F818E228F4598100769AC1 /* OrderInfoView */ = {
			isa = PBXGroup;
			children = (
				11F818E328F4599800769AC1 /* OrderInfoViewController.swift */,
				11F818E528F47ECD00769AC1 /* OrderInfoPresenter.swift */,
				11F818E728F47ED700769AC1 /* OrderInfoInteractor.swift */,
			);
			path = OrderInfoView;
			sourceTree = "<group>";
		};
		11FF062728EA329D00EAEF33 /* RequestForPerformer */ = {
			isa = PBXGroup;
			children = (
				11FF061928E5C35400EAEF33 /* CreateRequestInteractor.swift */,
				11FF061528E5B51700EAEF33 /* CreateRequestViewController.swift */,
				11FF061728E5C2C300EAEF33 /* CreateRequestPresenter.swift */,
			);
			path = RequestForPerformer;
			sourceTree = "<group>";
		};
		11FF062828EA32CE00EAEF33 /* RequestForAllPerformers */ = {
			isa = PBXGroup;
			children = (
				11DCAE0F28D5EC8300568D16 /* PublicRequestViewController.swift */,
				11FF062928EA34D000EAEF33 /* PublicRequestPresenter.swift */,
				11FF062B28EA34E300EAEF33 /* PublicRequestInteractor.swift */,
			);
			path = RequestForAllPerformers;
			sourceTree = "<group>";
		};
		11FF062D28EB74F200EAEF33 /* ActiveWorksRequest */ = {
			isa = PBXGroup;
			children = (
				11FF062E28EB7AA900EAEF33 /* ActiveWorksViewController.swift */,
				11FF063028EB7ABA00EAEF33 /* ActiveWorksPresenter.swift */,
				11FF063228EB7AC400EAEF33 /* ActiveWorksInteractor.swift */,
				11FF063428EB8C3600EAEF33 /* ActiveWorksHeaderView.swift */,
				11FF063628EB923700EAEF33 /* ActiveWorksTableViewDataUIWorker.swift */,
			);
			path = ActiveWorksRequest;
			sourceTree = "<group>";
		};
		11FF063A28EBB1A000EAEF33 /* SendOffer */ = {
			isa = PBXGroup;
			children = (
				11FF063B28EBB27600EAEF33 /* SendOfferViewController.swift */,
			);
			path = SendOffer;
			sourceTree = "<group>";
		};
		11FF063D28EC776B00EAEF33 /* OrdersListView */ = {
			isa = PBXGroup;
			children = (
				11FF063E28EC77A500EAEF33 /* OrdersListViewController.swift */,
				11FF064028EC77CF00EAEF33 /* OrdersListItemTableViewCell.swift */,
				11FF064228EC817800EAEF33 /* OrdersListPresenter.swift */,
				11FF064428EC823000EAEF33 /* OrdersListInteractor.swift */,
				11FF064C28EDBBAB00EAEF33 /* OrdersListTableViewDataUIWorker.swift */,
			);
			path = OrdersListView;
			sourceTree = "<group>";
		};
/* End PBXGroup section */

/* Begin PBXNativeTarget section */
		114E80B128C108B70028F39B /* emassi_IOS */ = {
			isa = PBXNativeTarget;
			buildConfigurationList = 114E80DF28C108B80028F39B /* Build configuration list for PBXNativeTarget "emassi_IOS" */;
			buildPhases = (
				114E80AE28C108B70028F39B /* Sources */,
				114E80AF28C108B70028F39B /* Frameworks */,
				114E80B028C108B70028F39B /* Resources */,
			);
			buildRules = (
			);
			dependencies = (
			);
			name = emassi_IOS;
			packageProductDependencies = (
				11FF064A28ED35C800EAEF33 /* Connectivity */,
				11F818D628F100BB00769AC1 /* KeychainAccess */,
			);
			productName = emassi_IOS;
			productReference = 114E80B228C108B70028F39B /* emassi_IOS.app */;
			productType = "com.apple.product-type.application";
		};
		114E80CA28C108B80028F39B /* emassi_IOSTests */ = {
			isa = PBXNativeTarget;
			buildConfigurationList = 114E80E228C108B80028F39B /* Build configuration list for PBXNativeTarget "emassi_IOSTests" */;
			buildPhases = (
				114E80C728C108B80028F39B /* Sources */,
				114E80C828C108B80028F39B /* Frameworks */,
				114E80C928C108B80028F39B /* Resources */,
			);
			buildRules = (
			);
			dependencies = (
				114E80CD28C108B80028F39B /* PBXTargetDependency */,
			);
			name = emassi_IOSTests;
			productName = emassi_IOSTests;
			productReference = 114E80CB28C108B80028F39B /* emassi_IOSTests.xctest */;
			productType = "com.apple.product-type.bundle.unit-test";
		};
		114E80D428C108B80028F39B /* emassi_IOSUITests */ = {
			isa = PBXNativeTarget;
			buildConfigurationList = 114E80E528C108B80028F39B /* Build configuration list for PBXNativeTarget "emassi_IOSUITests" */;
			buildPhases = (
				114E80D128C108B80028F39B /* Sources */,
				114E80D228C108B80028F39B /* Frameworks */,
				114E80D328C108B80028F39B /* Resources */,
			);
			buildRules = (
			);
			dependencies = (
				114E80D728C108B80028F39B /* PBXTargetDependency */,
			);
			name = emassi_IOSUITests;
			productName = emassi_IOSUITests;
			productReference = 114E80D528C108B80028F39B /* emassi_IOSUITests.xctest */;
			productType = "com.apple.product-type.bundle.ui-testing";
		};
/* End PBXNativeTarget section */

/* Begin PBXProject section */
		114E80AA28C108B70028F39B /* Project object */ = {
			isa = PBXProject;
			attributes = {
				BuildIndependentTargetsInParallel = 1;
				LastSwiftUpdateCheck = 1340;
				LastUpgradeCheck = 1340;
				TargetAttributes = {
					114E80B128C108B70028F39B = {
						CreatedOnToolsVersion = 13.4.1;
					};
					114E80CA28C108B80028F39B = {
						CreatedOnToolsVersion = 13.4.1;
						TestTargetID = 114E80B128C108B70028F39B;
					};
					114E80D428C108B80028F39B = {
						CreatedOnToolsVersion = 13.4.1;
						TestTargetID = 114E80B128C108B70028F39B;
					};
				};
			};
			buildConfigurationList = 114E80AD28C108B70028F39B /* Build configuration list for PBXProject "emassi_IOS" */;
			compatibilityVersion = "Xcode 13.0";
			developmentRegion = en;
			hasScannedForEncodings = 0;
			knownRegions = (
				en,
				Base,
				ru,
			);
			mainGroup = 114E80A928C108B70028F39B;
			packageReferences = (
				11FF064928ED35C800EAEF33 /* XCRemoteSwiftPackageReference "connectivity" */,
				11F818D528F100BB00769AC1 /* XCRemoteSwiftPackageReference "KeychainAccess" */,
			);
			productRefGroup = 114E80B328C108B70028F39B /* Products */;
			projectDirPath = "";
			projectRoot = "";
			targets = (
				114E80B128C108B70028F39B /* emassi_IOS */,
				114E80CA28C108B80028F39B /* emassi_IOSTests */,
				114E80D428C108B80028F39B /* emassi_IOSUITests */,
			);
		};
/* End PBXProject section */

/* Begin PBXResourcesBuildPhase section */
		114E80B028C108B70028F39B /* Resources */ = {
			isa = PBXResourcesBuildPhase;
			buildActionMask = 2147483647;
			files = (
				114E80C528C108B80028F39B /* LaunchScreen.storyboard in Resources */,
				11F818EB28F4E26500769AC1 /* Localizable.strings in Resources */,
				114E80C228C108B80028F39B /* Assets.xcassets in Resources */,
				114E80BD28C108B70028F39B /* Main.storyboard in Resources */,
			);
			runOnlyForDeploymentPostprocessing = 0;
		};
		114E80C928C108B80028F39B /* Resources */ = {
			isa = PBXResourcesBuildPhase;
			buildActionMask = 2147483647;
			files = (
			);
			runOnlyForDeploymentPostprocessing = 0;
		};
		114E80D328C108B80028F39B /* Resources */ = {
			isa = PBXResourcesBuildPhase;
			buildActionMask = 2147483647;
			files = (
			);
			runOnlyForDeploymentPostprocessing = 0;
		};
/* End PBXResourcesBuildPhase section */

/* Begin PBXSourcesBuildPhase section */
		114E80AE28C108B70028F39B /* Sources */ = {
			isa = PBXSourcesBuildPhase;
			buildActionMask = 2147483647;
			files = (
				11FF064528EC823000EAEF33 /* OrdersListInteractor.swift in Sources */,
				115BB49428DA2A0A00686670 /* Time.swift in Sources */,
				1113D2CD28E50536003C9FD3 /* WorksRequestInteractor.swift in Sources */,
				11DCADFF28D35B7100568D16 /* Photo.swift in Sources */,
				1113D2C928E502A4003C9FD3 /* WorksRequestPresenter.swift in Sources */,
				115BB4B828E08A0600686670 /* PerformerProfileInteractor.swift in Sources */,
				11FF062C28EA34E300EAEF33 /* PublicRequestInteractor.swift in Sources */,
				11DCAE0D28D3691B00568D16 /* DateStartEnd.swift in Sources */,
				115BB49B28DB80DF00686670 /* ResetPasswordPresenter.swift in Sources */,
				114E810328C37E760028F39B /* UICheckBoxEmassi.swift in Sources */,
				114E80F728C24E890028F39B /* RegisterViewController.swift in Sources */,
				11DCAE0B28D3673B00568D16 /* Category.swift in Sources */,
				1194A16528CFB3A600BAF84B /* UIViewControllerExtension.swift in Sources */,
				114E810128C28AA90028F39B /* UISeparatorWithView.swift in Sources */,
				115BB4A928DDAAB100686670 /* PerformersListDataSourceAndDelegate.swift in Sources */,
				115BB4A728DDA93C00686670 /* PerformersListInteractor.swift in Sources */,
				11DCAE0328D3613B00568D16 /* Customer.swift in Sources */,
				1140130C28CA1C9F00B14D5A /* StringExtension.swift in Sources */,
				11DCAE1028D5EC8300568D16 /* PublicRequestViewController.swift in Sources */,
				1194A15F28CF7DED00BAF84B /* EmassiRouter.swift in Sources */,
				114E80B628C108B70028F39B /* AppDelegate.swift in Sources */,
				1194A15A28CF482F00BAF84B /* URLExtension.swift in Sources */,
				11DCAE0528D3619B00568D16 /* Address.swift in Sources */,
				11F818E128F35A7F00769AC1 /* WorkStatus.swift in Sources */,
				114E80FD28C253D60028F39B /* UITextFieldEmassi.swift in Sources */,
				115BB4AB28DE06D000686670 /* PerformerInfoPresenter.swift in Sources */,
				11F818D228EF16F200769AC1 /* UserDefaultsExtension.swift in Sources */,
				114012FF28C7CE5C00B14D5A /* MenuAction.swift in Sources */,
				1194A15D28CF718A00BAF84B /* EmassiApiResponse.swift in Sources */,
				11FF062A28EA34D000EAEF33 /* PublicRequestPresenter.swift in Sources */,
				1113D2C328E4A0F3003C9FD3 /* DocumentsInteractor.swift in Sources */,
				115BB4B028DF277800686670 /* PerformerProfileViewController.swift in Sources */,
				11FF062F28EB7AA900EAEF33 /* ActiveWorksViewController.swift in Sources */,
				114E80EA28C12AD60028F39B /* OnboardingViewController.swift in Sources */,
				115BB49228DA0C0D00686670 /* Offer.swift in Sources */,
				11FF063528EB8C3600EAEF33 /* ActiveWorksHeaderView.swift in Sources */,
				1140131328CB742200B14D5A /* EmassiURLSession.swift in Sources */,
				11F818E628F47ECD00769AC1 /* OrderInfoPresenter.swift in Sources */,
				11FF061E28E7210D00EAEF33 /* UImageViewPagging.swift in Sources */,
				11CBB7C828C6105D00FED8D5 /* PerformerReviewsTableVIewDataSource.swift in Sources */,
				114E80B828C108B70028F39B /* SceneDelegate.swift in Sources */,
				11F818D028EDEF8E00769AC1 /* AsyncOperation.swift in Sources */,
				114E80F228C219630028F39B /* LoginViewController.swift in Sources */,
				115BB4B428E06A6600686670 /* UIPickerItemsSelector.swift in Sources */,
				115BB4BC28E1E3F300686670 /* ImagePickerController.swift in Sources */,
				115BB49F28DB8D7100686670 /* SessionConfiguration.swift in Sources */,
				11DCADFD28D35B4C00568D16 /* Username.swift in Sources */,
				11CBB7C628C4FDD700FED8D5 /* UIRatingView.swift in Sources */,
				115BB4AD28DE07B800686670 /* PerformerInfoInteractor.swift in Sources */,
				114E80FF28C254700028F39B /* UITextFieldExtension.swift in Sources */,
				11FF061828E5C2C300EAEF33 /* CreateRequestPresenter.swift in Sources */,
				11DCAE0728D364B100568D16 /* Location.swift in Sources */,
				115BB49928DB7A8B00686670 /* ResetPasswordViewContoller.swift in Sources */,
				1113D2BD28E47B30003C9FD3 /* DocumentType.swift in Sources */,
				11FF064728ECEB9700EAEF33 /* NetworkConnectionChecker.swift in Sources */,
				11FF063928EBADF600EAEF33 /* DateExtension.swift in Sources */,
				11FF061A28E5C35400EAEF33 /* CreateRequestInteractor.swift in Sources */,
				115BB4B628E0895F00686670 /* PerformerProfilePresenter.swift in Sources */,
				114E80F428C242250028F39B /* UIViewExtension.swift in Sources */,
				115BB49028D9072400686670 /* AccountInfo.swift in Sources */,
				11DCADF528D34C7900568D16 /* FeedbackViewController.swift in Sources */,
				1140131628CBB07A00B14D5A /* PerformersListViewController.swift in Sources */,
				11FF061628E5B51700EAEF33 /* CreateRequestViewController.swift in Sources */,
				1194A16328CFA7C000BAF84B /* RegisterInteractor.swift in Sources */,
				115BB4A528DCE6E300686670 /* PerformersListPresenter.swift in Sources */,
				11DCADF928D3580500568D16 /* Performer.swift in Sources */,
				1194A16128CFA70E00BAF84B /* RegisterPresenter.swift in Sources */,
				114E80FB28C24F340028F39B /* UIButtonEmassi.swift in Sources */,
				11CBB7C228C4F03F00FED8D5 /* UILabelExtension.swift in Sources */,
				114E80C028C108B70028F39B /* emassi_IOS.xcdatamodeld in Sources */,
				11FF063C28EBB27600EAEF33 /* SendOfferViewController.swift in Sources */,
				11F818D428EF753100769AC1 /* ResponseWorkWithCustomer.swift in Sources */,
				1140131B28CD07D300B14D5A /* DocumentTableViewCell.swift in Sources */,
				11DCADF228D24E1000568D16 /* SettingTableViewCell.swift in Sources */,
				11FF062628E8C89000EAEF33 /* LocaleExtension.swift in Sources */,
				115BB4B228DF3BB000686670 /* MoreSelector.swift in Sources */,
				115BB4BA28E1C26100686670 /* UIImageExtension.swift in Sources */,
				11CBB7CD28C79F1800FED8D5 /* MenuViewController.swift in Sources */,
				11F818D928F20FA400769AC1 /* FavoritePresenter.swift in Sources */,
				1140131828CBB40A00B14D5A /* PerformerTableViewCell.swift in Sources */,
				115BB4A328DC893400686670 /* PerformersCategoriesInteractor.swift in Sources */,
				11FF063728EB923700EAEF33 /* ActiveWorksTableViewDataUIWorker.swift in Sources */,
				1194A15828CE7EEB00BAF84B /* FavoriteViewController.swift in Sources */,
				11FF063128EB7ABA00EAEF33 /* ActiveWorksPresenter.swift in Sources */,
				1140130628C9AD6C00B14D5A /* AuthorizationViewsData.swift in Sources */,
				11FF061C28E6293500EAEF33 /* NotificationCenterExtension.swift in Sources */,
				115BB49628DA57D900686670 /* GeoPosition.swift in Sources */,
				11DCADF028D24D9E00568D16 /* SettingsViewController.swift in Sources */,
				11F818DB28F2131400769AC1 /* FavoriteInteractor.swift in Sources */,
				114E810628C39F760028F39B /* PerformersCategoriesViewController.swift in Sources */,
				11DCADEE28D20FED00568D16 /* UIControlExtension.swift in Sources */,
				11CBB7CA28C6111B00FED8D5 /* PerformersCategoriesTableViewDataSource.swift in Sources */,
				1140130F28CA400D00B14D5A /* EmassiApiDelegate.swift in Sources */,
				115BB4A128DC888A00686670 /* PerformersCategoriesPresenter.swift in Sources */,
				114E810A28C3C6AE0028F39B /* PerformersCategory.swift in Sources */,
				1140130328C90E9500B14D5A /* OnBoardingItem.swift in Sources */,
				11F818E428F4599800769AC1 /* OrderInfoViewController.swift in Sources */,
				114E80EF28C2022F0028F39B /* OnboardingCollectionViewCell.swift in Sources */,
				1140130828CA1AF300B14D5A /* LoginPresenter.swift in Sources */,
				11FF063328EB7AC400EAEF33 /* ActiveWorksInteractor.swift in Sources */,
				11FF062428E8896100EAEF33 /* LocationManager.swift in Sources */,
				11FF061428E5081F00EAEF33 /* WorksRequestTableViewDataSource.swift in Sources */,
				114E80ED28C12F510028F39B /* UIColorExtension.swift in Sources */,
				11FF064D28EDBBAB00EAEF33 /* OrdersListTableViewDataUIWorker.swift in Sources */,
				11F818DF28F22A2000769AC1 /* SendFeedbackInteractor.swift in Sources */,
				11DCADEC28D1FD6F00568D16 /* WorksRequestTableViewCell.swift in Sources */,
				11CBB7C028C4B22900FED8D5 /* PerformerInfoViewController.swift in Sources */,
				1140130128C7E1E600B14D5A /* MenuNavigationViewController.swift in Sources */,
				1194A15528CE79F100BAF84B /* DocumentsViewController.swift in Sources */,
				1113D2C128E4A0E8003C9FD3 /* DocumentsPresenter.swift in Sources */,
				115BB49D28DB81A300686670 /* ResetPasswordInteractor.swift in Sources */,
				11DCADFB28D35B3300568D16 /* Review.swift in Sources */,
				1140130A28CA1B8800B14D5A /* LoginInteractor.swift in Sources */,
				11CBB7C428C4F23900FED8D5 /* UILabelBordered.swift in Sources */,
				114E810828C3AAE20028F39B /* PerformersCategoryTableViewCell.swift in Sources */,
				11F818E828F47ED700769AC1 /* OrderInfoInteractor.swift in Sources */,
				11FF064328EC817800EAEF33 /* OrdersListPresenter.swift in Sources */,
				11FF063F28EC77A500EAEF33 /* OrdersListViewController.swift in Sources */,
				11DCADF728D3537A00568D16 /* UITextViewEmassi.swift in Sources */,
				11FF064128EC77CF00EAEF33 /* OrdersListItemTableViewCell.swift in Sources */,
				11FF062228E755C000EAEF33 /* AddressSearchViewController.swift in Sources */,
				11F818DD28F228BC00769AC1 /* SendFeedbackPresenter.swift in Sources */,
				11DCADEA28D08CC400568D16 /* WorksRequestViewController.swift in Sources */,
				11DCAE0128D35B9800568D16 /* Phone.swift in Sources */,
				1140131128CAB66000B14D5A /* URLRequestExtension.swift in Sources */,
				11DCAE0928D3669100568D16 /* Work.swift in Sources */,
			);
			runOnlyForDeploymentPostprocessing = 0;
		};
		114E80C728C108B80028F39B /* Sources */ = {
			isa = PBXSourcesBuildPhase;
			buildActionMask = 2147483647;
			files = (
				114E80D028C108B80028F39B /* emassi_IOSTests.swift in Sources */,
			);
			runOnlyForDeploymentPostprocessing = 0;
		};
		114E80D128C108B80028F39B /* Sources */ = {
			isa = PBXSourcesBuildPhase;
			buildActionMask = 2147483647;
			files = (
				114E80DC28C108B80028F39B /* emassi_IOSUITestsLaunchTests.swift in Sources */,
				114E80DA28C108B80028F39B /* emassi_IOSUITests.swift in Sources */,
			);
			runOnlyForDeploymentPostprocessing = 0;
		};
/* End PBXSourcesBuildPhase section */

/* Begin PBXTargetDependency section */
		114E80CD28C108B80028F39B /* PBXTargetDependency */ = {
			isa = PBXTargetDependency;
			target = 114E80B128C108B70028F39B /* emassi_IOS */;
			targetProxy = 114E80CC28C108B80028F39B /* PBXContainerItemProxy */;
		};
		114E80D728C108B80028F39B /* PBXTargetDependency */ = {
			isa = PBXTargetDependency;
			target = 114E80B128C108B70028F39B /* emassi_IOS */;
			targetProxy = 114E80D628C108B80028F39B /* PBXContainerItemProxy */;
		};
/* End PBXTargetDependency section */

/* Begin PBXVariantGroup section */
		114E80BB28C108B70028F39B /* Main.storyboard */ = {
			isa = PBXVariantGroup;
			children = (
				114E80BC28C108B70028F39B /* Base */,
			);
			name = Main.storyboard;
			sourceTree = "<group>";
		};
		114E80C328C108B80028F39B /* LaunchScreen.storyboard */ = {
			isa = PBXVariantGroup;
			children = (
				114E80C428C108B80028F39B /* Base */,
			);
			name = LaunchScreen.storyboard;
			sourceTree = "<group>";
		};
		11F818ED28F4E26500769AC1 /* Localizable.strings */ = {
			isa = PBXVariantGroup;
			children = (
				11F818EC28F4E26500769AC1 /* en */,
				11F818EE28F4E37B00769AC1 /* ru */,
			);
			name = Localizable.strings;
			sourceTree = "<group>";
		};
/* End PBXVariantGroup section */

/* Begin XCBuildConfiguration section */
		114E80DD28C108B80028F39B /* Debug */ = {
			isa = XCBuildConfiguration;
			buildSettings = {
				ALWAYS_SEARCH_USER_PATHS = NO;
				CLANG_ANALYZER_LOCALIZABILITY_NONLOCALIZED = YES;
				CLANG_ANALYZER_NONNULL = YES;
				CLANG_ANALYZER_NUMBER_OBJECT_CONVERSION = YES_AGGRESSIVE;
				CLANG_CXX_LANGUAGE_STANDARD = "gnu++17";
				CLANG_ENABLE_MODULES = YES;
				CLANG_ENABLE_OBJC_ARC = YES;
				CLANG_ENABLE_OBJC_WEAK = YES;
				CLANG_WARN_BLOCK_CAPTURE_AUTORELEASING = YES;
				CLANG_WARN_BOOL_CONVERSION = YES;
				CLANG_WARN_COMMA = YES;
				CLANG_WARN_CONSTANT_CONVERSION = YES;
				CLANG_WARN_DEPRECATED_OBJC_IMPLEMENTATIONS = YES;
				CLANG_WARN_DIRECT_OBJC_ISA_USAGE = YES_ERROR;
				CLANG_WARN_DOCUMENTATION_COMMENTS = YES;
				CLANG_WARN_EMPTY_BODY = YES;
				CLANG_WARN_ENUM_CONVERSION = YES;
				CLANG_WARN_INFINITE_RECURSION = YES;
				CLANG_WARN_INT_CONVERSION = YES;
				CLANG_WARN_NON_LITERAL_NULL_CONVERSION = YES;
				CLANG_WARN_OBJC_IMPLICIT_RETAIN_SELF = YES;
				CLANG_WARN_OBJC_LITERAL_CONVERSION = YES;
				CLANG_WARN_OBJC_ROOT_CLASS = YES_ERROR;
				CLANG_WARN_QUOTED_INCLUDE_IN_FRAMEWORK_HEADER = YES;
				CLANG_WARN_RANGE_LOOP_ANALYSIS = YES;
				CLANG_WARN_STRICT_PROTOTYPES = YES;
				CLANG_WARN_SUSPICIOUS_MOVE = YES;
				CLANG_WARN_UNGUARDED_AVAILABILITY = YES_AGGRESSIVE;
				CLANG_WARN_UNREACHABLE_CODE = YES;
				CLANG_WARN__DUPLICATE_METHOD_MATCH = YES;
				COPY_PHASE_STRIP = NO;
				DEBUG_INFORMATION_FORMAT = dwarf;
				ENABLE_STRICT_OBJC_MSGSEND = YES;
				ENABLE_TESTABILITY = YES;
				GCC_C_LANGUAGE_STANDARD = gnu11;
				GCC_DYNAMIC_NO_PIC = NO;
				GCC_NO_COMMON_BLOCKS = YES;
				GCC_OPTIMIZATION_LEVEL = 0;
				GCC_PREPROCESSOR_DEFINITIONS = (
					"DEBUG=1",
					"$(inherited)",
				);
				GCC_WARN_64_TO_32_BIT_CONVERSION = YES;
				GCC_WARN_ABOUT_RETURN_TYPE = YES_ERROR;
				GCC_WARN_UNDECLARED_SELECTOR = YES;
				GCC_WARN_UNINITIALIZED_AUTOS = YES_AGGRESSIVE;
				GCC_WARN_UNUSED_FUNCTION = YES;
				GCC_WARN_UNUSED_VARIABLE = YES;
				IPHONEOS_DEPLOYMENT_TARGET = 15.5;
				MTL_ENABLE_DEBUG_INFO = INCLUDE_SOURCE;
				MTL_FAST_MATH = YES;
				ONLY_ACTIVE_ARCH = YES;
				SDKROOT = iphoneos;
				SWIFT_ACTIVE_COMPILATION_CONDITIONS = DEBUG;
				SWIFT_OPTIMIZATION_LEVEL = "-Onone";
			};
			name = Debug;
		};
		114E80DE28C108B80028F39B /* Release */ = {
			isa = XCBuildConfiguration;
			buildSettings = {
				ALWAYS_SEARCH_USER_PATHS = NO;
				CLANG_ANALYZER_LOCALIZABILITY_NONLOCALIZED = YES;
				CLANG_ANALYZER_NONNULL = YES;
				CLANG_ANALYZER_NUMBER_OBJECT_CONVERSION = YES_AGGRESSIVE;
				CLANG_CXX_LANGUAGE_STANDARD = "gnu++17";
				CLANG_ENABLE_MODULES = YES;
				CLANG_ENABLE_OBJC_ARC = YES;
				CLANG_ENABLE_OBJC_WEAK = YES;
				CLANG_WARN_BLOCK_CAPTURE_AUTORELEASING = YES;
				CLANG_WARN_BOOL_CONVERSION = YES;
				CLANG_WARN_COMMA = YES;
				CLANG_WARN_CONSTANT_CONVERSION = YES;
				CLANG_WARN_DEPRECATED_OBJC_IMPLEMENTATIONS = YES;
				CLANG_WARN_DIRECT_OBJC_ISA_USAGE = YES_ERROR;
				CLANG_WARN_DOCUMENTATION_COMMENTS = YES;
				CLANG_WARN_EMPTY_BODY = YES;
				CLANG_WARN_ENUM_CONVERSION = YES;
				CLANG_WARN_INFINITE_RECURSION = YES;
				CLANG_WARN_INT_CONVERSION = YES;
				CLANG_WARN_NON_LITERAL_NULL_CONVERSION = YES;
				CLANG_WARN_OBJC_IMPLICIT_RETAIN_SELF = YES;
				CLANG_WARN_OBJC_LITERAL_CONVERSION = YES;
				CLANG_WARN_OBJC_ROOT_CLASS = YES_ERROR;
				CLANG_WARN_QUOTED_INCLUDE_IN_FRAMEWORK_HEADER = YES;
				CLANG_WARN_RANGE_LOOP_ANALYSIS = YES;
				CLANG_WARN_STRICT_PROTOTYPES = YES;
				CLANG_WARN_SUSPICIOUS_MOVE = YES;
				CLANG_WARN_UNGUARDED_AVAILABILITY = YES_AGGRESSIVE;
				CLANG_WARN_UNREACHABLE_CODE = YES;
				CLANG_WARN__DUPLICATE_METHOD_MATCH = YES;
				COPY_PHASE_STRIP = NO;
				DEBUG_INFORMATION_FORMAT = "dwarf-with-dsym";
				ENABLE_NS_ASSERTIONS = NO;
				ENABLE_STRICT_OBJC_MSGSEND = YES;
				GCC_C_LANGUAGE_STANDARD = gnu11;
				GCC_NO_COMMON_BLOCKS = YES;
				GCC_WARN_64_TO_32_BIT_CONVERSION = YES;
				GCC_WARN_ABOUT_RETURN_TYPE = YES_ERROR;
				GCC_WARN_UNDECLARED_SELECTOR = YES;
				GCC_WARN_UNINITIALIZED_AUTOS = YES_AGGRESSIVE;
				GCC_WARN_UNUSED_FUNCTION = YES;
				GCC_WARN_UNUSED_VARIABLE = YES;
				IPHONEOS_DEPLOYMENT_TARGET = 15.5;
				MTL_ENABLE_DEBUG_INFO = NO;
				MTL_FAST_MATH = YES;
				SDKROOT = iphoneos;
				SWIFT_COMPILATION_MODE = wholemodule;
				SWIFT_OPTIMIZATION_LEVEL = "-O";
				VALIDATE_PRODUCT = YES;
			};
			name = Release;
		};
		114E80E028C108B80028F39B /* Debug */ = {
			isa = XCBuildConfiguration;
			buildSettings = {
				ASSETCATALOG_COMPILER_APPICON_NAME = AppIcon;
				ASSETCATALOG_COMPILER_GLOBAL_ACCENT_COLOR_NAME = AccentColor;
				CODE_SIGN_STYLE = Automatic;
				CURRENT_PROJECT_VERSION = 1;
				DEVELOPMENT_TEAM = VWXX892QUL;
				GENERATE_INFOPLIST_FILE = YES;
				INFOPLIST_FILE = emassi_IOS/Info.plist;
				INFOPLIST_KEY_NSCameraUsageDescription = "used for capture photo";
				INFOPLIST_KEY_NSLocationAlwaysAndWhenInUseUsageDescription = "used for fill profile";
				INFOPLIST_KEY_NSLocationAlwaysUsageDescription = "used for fill profile";
				INFOPLIST_KEY_NSLocationWhenInUseUsageDescription = "used for fill profile";
				INFOPLIST_KEY_NSPhotoLibraryUsageDescription = "used for load image";
				INFOPLIST_KEY_UIApplicationSupportsIndirectInputEvents = YES;
				INFOPLIST_KEY_UILaunchStoryboardName = LaunchScreen;
				INFOPLIST_KEY_UIMainStoryboardFile = Main;
				INFOPLIST_KEY_UIStatusBarStyle = "";
				INFOPLIST_KEY_UISupportedInterfaceOrientations = UIInterfaceOrientationPortrait;
				INFOPLIST_KEY_UISupportedInterfaceOrientations_iPad = "UIInterfaceOrientationLandscapeLeft UIInterfaceOrientationLandscapeRight UIInterfaceOrientationPortrait UIInterfaceOrientationPortraitUpsideDown";
				IPHONEOS_DEPLOYMENT_TARGET = 13.0;
				LD_RUNPATH_SEARCH_PATHS = (
					"$(inherited)",
					"@executable_path/Frameworks",
				);
				MARKETING_VERSION = 1.0;
				PRODUCT_BUNDLE_IDENTIFIER = "com.devApp.emassi-IOS";
				PRODUCT_NAME = "$(TARGET_NAME)";
				SWIFT_EMIT_LOC_STRINGS = YES;
				SWIFT_VERSION = 5.0;
				TARGETED_DEVICE_FAMILY = "1,2";
			};
			name = Debug;
		};
		114E80E128C108B80028F39B /* Release */ = {
			isa = XCBuildConfiguration;
			buildSettings = {
				ASSETCATALOG_COMPILER_APPICON_NAME = AppIcon;
				ASSETCATALOG_COMPILER_GLOBAL_ACCENT_COLOR_NAME = AccentColor;
				CODE_SIGN_STYLE = Automatic;
				CURRENT_PROJECT_VERSION = 1;
				DEVELOPMENT_TEAM = VWXX892QUL;
				GENERATE_INFOPLIST_FILE = YES;
				INFOPLIST_FILE = emassi_IOS/Info.plist;
				INFOPLIST_KEY_NSCameraUsageDescription = "used for capture photo";
				INFOPLIST_KEY_NSLocationAlwaysAndWhenInUseUsageDescription = "used for fill profile";
				INFOPLIST_KEY_NSLocationAlwaysUsageDescription = "used for fill profile";
				INFOPLIST_KEY_NSLocationWhenInUseUsageDescription = "used for fill profile";
				INFOPLIST_KEY_NSPhotoLibraryUsageDescription = "used for load image";
				INFOPLIST_KEY_UIApplicationSupportsIndirectInputEvents = YES;
				INFOPLIST_KEY_UILaunchStoryboardName = LaunchScreen;
				INFOPLIST_KEY_UIMainStoryboardFile = Main;
				INFOPLIST_KEY_UIStatusBarStyle = "";
				INFOPLIST_KEY_UISupportedInterfaceOrientations = UIInterfaceOrientationPortrait;
				INFOPLIST_KEY_UISupportedInterfaceOrientations_iPad = "UIInterfaceOrientationLandscapeLeft UIInterfaceOrientationLandscapeRight UIInterfaceOrientationPortrait UIInterfaceOrientationPortraitUpsideDown";
				IPHONEOS_DEPLOYMENT_TARGET = 13.0;
				LD_RUNPATH_SEARCH_PATHS = (
					"$(inherited)",
					"@executable_path/Frameworks",
				);
				MARKETING_VERSION = 1.0;
				PRODUCT_BUNDLE_IDENTIFIER = "com.devApp.emassi-IOS";
				PRODUCT_NAME = "$(TARGET_NAME)";
				SWIFT_EMIT_LOC_STRINGS = YES;
				SWIFT_VERSION = 5.0;
				TARGETED_DEVICE_FAMILY = "1,2";
			};
			name = Release;
		};
		114E80E328C108B80028F39B /* Debug */ = {
			isa = XCBuildConfiguration;
			buildSettings = {
				ALWAYS_EMBED_SWIFT_STANDARD_LIBRARIES = YES;
				BUNDLE_LOADER = "$(TEST_HOST)";
				CODE_SIGN_STYLE = Automatic;
				CURRENT_PROJECT_VERSION = 1;
				DEVELOPMENT_TEAM = VWXX892QUL;
				GENERATE_INFOPLIST_FILE = YES;
				IPHONEOS_DEPLOYMENT_TARGET = 15.5;
				MARKETING_VERSION = 1.0;
				PRODUCT_BUNDLE_IDENTIFIER = "com.devApp.emassi-IOSTests";
				PRODUCT_NAME = "$(TARGET_NAME)";
				SWIFT_EMIT_LOC_STRINGS = NO;
				SWIFT_VERSION = 5.0;
				TARGETED_DEVICE_FAMILY = "1,2";
				TEST_HOST = "$(BUILT_PRODUCTS_DIR)/emassi_IOS.app/emassi_IOS";
			};
			name = Debug;
		};
		114E80E428C108B80028F39B /* Release */ = {
			isa = XCBuildConfiguration;
			buildSettings = {
				ALWAYS_EMBED_SWIFT_STANDARD_LIBRARIES = YES;
				BUNDLE_LOADER = "$(TEST_HOST)";
				CODE_SIGN_STYLE = Automatic;
				CURRENT_PROJECT_VERSION = 1;
				DEVELOPMENT_TEAM = VWXX892QUL;
				GENERATE_INFOPLIST_FILE = YES;
				IPHONEOS_DEPLOYMENT_TARGET = 15.5;
				MARKETING_VERSION = 1.0;
				PRODUCT_BUNDLE_IDENTIFIER = "com.devApp.emassi-IOSTests";
				PRODUCT_NAME = "$(TARGET_NAME)";
				SWIFT_EMIT_LOC_STRINGS = NO;
				SWIFT_VERSION = 5.0;
				TARGETED_DEVICE_FAMILY = "1,2";
				TEST_HOST = "$(BUILT_PRODUCTS_DIR)/emassi_IOS.app/emassi_IOS";
			};
			name = Release;
		};
		114E80E628C108B80028F39B /* Debug */ = {
			isa = XCBuildConfiguration;
			buildSettings = {
				ALWAYS_EMBED_SWIFT_STANDARD_LIBRARIES = YES;
				CODE_SIGN_STYLE = Automatic;
				CURRENT_PROJECT_VERSION = 1;
				DEVELOPMENT_TEAM = VWXX892QUL;
				GENERATE_INFOPLIST_FILE = YES;
				MARKETING_VERSION = 1.0;
				PRODUCT_BUNDLE_IDENTIFIER = "com.devApp.emassi-IOSUITests";
				PRODUCT_NAME = "$(TARGET_NAME)";
				SWIFT_EMIT_LOC_STRINGS = NO;
				SWIFT_VERSION = 5.0;
				TARGETED_DEVICE_FAMILY = "1,2";
				TEST_TARGET_NAME = emassi_IOS;
			};
			name = Debug;
		};
		114E80E728C108B80028F39B /* Release */ = {
			isa = XCBuildConfiguration;
			buildSettings = {
				ALWAYS_EMBED_SWIFT_STANDARD_LIBRARIES = YES;
				CODE_SIGN_STYLE = Automatic;
				CURRENT_PROJECT_VERSION = 1;
				DEVELOPMENT_TEAM = VWXX892QUL;
				GENERATE_INFOPLIST_FILE = YES;
				MARKETING_VERSION = 1.0;
				PRODUCT_BUNDLE_IDENTIFIER = "com.devApp.emassi-IOSUITests";
				PRODUCT_NAME = "$(TARGET_NAME)";
				SWIFT_EMIT_LOC_STRINGS = NO;
				SWIFT_VERSION = 5.0;
				TARGETED_DEVICE_FAMILY = "1,2";
				TEST_TARGET_NAME = emassi_IOS;
			};
			name = Release;
		};
/* End XCBuildConfiguration section */

/* Begin XCConfigurationList section */
		114E80AD28C108B70028F39B /* Build configuration list for PBXProject "emassi_IOS" */ = {
			isa = XCConfigurationList;
			buildConfigurations = (
				114E80DD28C108B80028F39B /* Debug */,
				114E80DE28C108B80028F39B /* Release */,
			);
			defaultConfigurationIsVisible = 0;
			defaultConfigurationName = Release;
		};
		114E80DF28C108B80028F39B /* Build configuration list for PBXNativeTarget "emassi_IOS" */ = {
			isa = XCConfigurationList;
			buildConfigurations = (
				114E80E028C108B80028F39B /* Debug */,
				114E80E128C108B80028F39B /* Release */,
			);
			defaultConfigurationIsVisible = 0;
			defaultConfigurationName = Release;
		};
		114E80E228C108B80028F39B /* Build configuration list for PBXNativeTarget "emassi_IOSTests" */ = {
			isa = XCConfigurationList;
			buildConfigurations = (
				114E80E328C108B80028F39B /* Debug */,
				114E80E428C108B80028F39B /* Release */,
			);
			defaultConfigurationIsVisible = 0;
			defaultConfigurationName = Release;
		};
		114E80E528C108B80028F39B /* Build configuration list for PBXNativeTarget "emassi_IOSUITests" */ = {
			isa = XCConfigurationList;
			buildConfigurations = (
				114E80E628C108B80028F39B /* Debug */,
				114E80E728C108B80028F39B /* Release */,
			);
			defaultConfigurationIsVisible = 0;
			defaultConfigurationName = Release;
		};
/* End XCConfigurationList section */

/* Begin XCRemoteSwiftPackageReference section */
		11F818D528F100BB00769AC1 /* XCRemoteSwiftPackageReference "KeychainAccess" */ = {
			isa = XCRemoteSwiftPackageReference;
			repositoryURL = "https://github.com/kishikawakatsumi/KeychainAccess.git";
			requirement = {
				branch = master;
				kind = branch;
			};
		};
		11FF064928ED35C800EAEF33 /* XCRemoteSwiftPackageReference "connectivity" */ = {
			isa = XCRemoteSwiftPackageReference;
			repositoryURL = "https://github.com/rwbutler/connectivity";
			requirement = {
				kind = upToNextMinorVersion;
				minimumVersion = 5.3.0;
			};
		};
/* End XCRemoteSwiftPackageReference section */

/* Begin XCSwiftPackageProductDependency section */
		11F818D628F100BB00769AC1 /* KeychainAccess */ = {
			isa = XCSwiftPackageProductDependency;
			package = 11F818D528F100BB00769AC1 /* XCRemoteSwiftPackageReference "KeychainAccess" */;
			productName = KeychainAccess;
		};
		11FF064A28ED35C800EAEF33 /* Connectivity */ = {
			isa = XCSwiftPackageProductDependency;
			package = 11FF064928ED35C800EAEF33 /* XCRemoteSwiftPackageReference "connectivity" */;
			productName = Connectivity;
		};
/* End XCSwiftPackageProductDependency section */

/* Begin XCVersionGroup section */
		114E80BE28C108B70028F39B /* emassi_IOS.xcdatamodeld */ = {
			isa = XCVersionGroup;
			children = (
				114E80BF28C108B70028F39B /* emassi_IOS.xcdatamodel */,
			);
			currentVersion = 114E80BF28C108B70028F39B /* emassi_IOS.xcdatamodel */;
			path = emassi_IOS.xcdatamodeld;
			sourceTree = "<group>";
			versionGroupType = wrapper.xcdatamodel;
		};
/* End XCVersionGroup section */
	};
	rootObject = 114E80AA28C108B70028F39B /* Project object */;
}
